PODS:
  - Alamofire (3.4.1)
  - Crashlytics (3.7.1):
    - Fabric (~> 1.6.3)
  - EAIntroView (2.7.4):
    - EARestrictedScrollView (~> 0.2.0)
  - EARestrictedScrollView (0.2.0)
  - Fabric (1.6.7)
  - JDStatusBarNotification (1.5.3)
  - SwiftDate (3.0.8)
  - SwiftyJSON (2.3.2)
  - SwiftyUserDefaults (2.2.0)

DEPENDENCIES:
  - Alamofire (~> 3.0)
  - Crashlytics
  - EAIntroView (~> 2.7.0)
  - Fabric
  - JDStatusBarNotification
  - SwiftDate
  - SwiftyJSON (from `https://github.com/SwiftyJSON/SwiftyJSON.git`)
  - SwiftyUserDefaults

EXTERNAL SOURCES:
  SwiftyJSON:
    :git: https://github.com/SwiftyJSON/SwiftyJSON.git

CHECKOUT OPTIONS:
  SwiftyJSON:
    :commit: 73670b94292b8d8496c398a973f56ac67789ba9f
    :git: https://github.com/SwiftyJSON/SwiftyJSON.git

SPEC CHECKSUMS:
  Alamofire: 01a82e2f6c0f860ade35534c8dd88be61bdef40c
  Crashlytics: 3cdd4c9655be68032a0cf0379e0fb5ef6af22cad
  EAIntroView: 50b85eedf414260e61330070ffe5947e72493a62
  EARestrictedScrollView: f86d61e16c61d3e93c84f8e96e83122a2a3b7631
  Fabric: caf7580c725e64db144f610ac65cd60956911dc7
  JDStatusBarNotification: 29413865af11c862c17180610b0f46a21118b412
  SwiftDate: 971f8b9394f664f2226b9c3ab64e801a7291c612
  SwiftyJSON: 04ccea08915aa0109039157c7974cf0298da292a
  SwiftyUserDefaults: e7c8197a9d4068702e7f2406a968cae413b8de27

PODFILE CHECKSUM: a317351506d7032d8e5dc963c68dc97ca45e3468

COCOAPODS: 1.0.1
