// !$*UTF8*$!
{
	archiveVersion = 1;
	classes = {
	};
	objectVersion = 46;
	objects = {

/* Begin PBXBuildFile section */
		D3EDC762FD4B7032914FC32A /* Pods.framework in Frameworks */ = {isa = PBXBuildFile; fileRef = 0A30A6D4A8700EA784786FA8 /* Pods.framework */; };
		EB32A6881BCCE26F009E62E9 /* Settings.swift in Sources */ = {isa = PBXBuildFile; fileRef = EB32A6871BCCE26F009E62E9 /* Settings.swift */; settings = {ASSET_TAGS = (); }; };
		EB32A68A1BCCE2DB009E62E9 /* Podfile in Resources */ = {isa = PBXBuildFile; fileRef = EB32A6891BCCE2DB009E62E9 /* Podfile */; settings = {ASSET_TAGS = (); }; };
		EB5C7A431BD0DE7900CBBD09 /* NotificationCenter.framework in Frameworks */ = {isa = PBXBuildFile; fileRef = EB5C7A421BD0DE7900CBBD09 /* NotificationCenter.framework */; settings = {ASSET_TAGS = (); }; };
		EB5C7A461BD0DE7900CBBD09 /* TodayViewController.swift in Sources */ = {isa = PBXBuildFile; fileRef = EB5C7A451BD0DE7900CBBD09 /* TodayViewController.swift */; };
		EB5C7A491BD0DE7900CBBD09 /* MainInterface.storyboard in Resources */ = {isa = PBXBuildFile; fileRef = EB5C7A471BD0DE7900CBBD09 /* MainInterface.storyboard */; };
		EB5C7A4D1BD0DE7900CBBD09 /* HazeIndexExtension.appex in Embed App Extensions */ = {isa = PBXBuildFile; fileRef = EB5C7A411BD0DE7900CBBD09 /* HazeIndexExtension.appex */; settings = {ATTRIBUTES = (RemoveHeadersOnCopy, ); }; };
		EB5C7A531BD0E92E00CBBD09 /* CurrentLocationViewController.swift in Sources */ = {isa = PBXBuildFile; fileRef = EB5C7A521BD0E92E00CBBD09 /* CurrentLocationViewController.swift */; settings = {ASSET_TAGS = (); }; };
		EB5C7A5A1BD0FDD700CBBD09 /* ColorReference.swift in Sources */ = {isa = PBXBuildFile; fileRef = EB5C7A591BD0FDD700CBBD09 /* ColorReference.swift */; settings = {ASSET_TAGS = (); }; };
		EB660D1D1BCCECB0006C6C89 /* HazeApiController.swift in Sources */ = {isa = PBXBuildFile; fileRef = EB660D1C1BCCECB0006C6C89 /* HazeApiController.swift */; settings = {ASSET_TAGS = (); }; };
		EB660D1F1BCCED73006C6C89 /* BaseApi.swift in Sources */ = {isa = PBXBuildFile; fileRef = EB660D1E1BCCED73006C6C89 /* BaseApi.swift */; settings = {ASSET_TAGS = (); }; };
		EB660D221BCCEE4B006C6C89 /* Initializers.swift in Sources */ = {isa = PBXBuildFile; fileRef = EB660D211BCCEE4B006C6C89 /* Initializers.swift */; settings = {ASSET_TAGS = (); }; };
		EB6898861BD239310065F38D /* TabBarViewController.swift in Sources */ = {isa = PBXBuildFile; fileRef = EB6898851BD239310065F38D /* TabBarViewController.swift */; settings = {ASSET_TAGS = (); }; };
		EB6898931BD2BA180065F38D /* CWStatusBarNotification.swift in Sources */ = {isa = PBXBuildFile; fileRef = EB6898901BD2BA180065F38D /* CWStatusBarNotification.swift */; settings = {ASSET_TAGS = (); }; };
		EB6898941BD2BA180065F38D /* CWStatusBarNotificationUtils.swift in Sources */ = {isa = PBXBuildFile; fileRef = EB6898911BD2BA180065F38D /* CWStatusBarNotificationUtils.swift */; settings = {ASSET_TAGS = (); }; };
		EB8AB0C01BCCC8F6005863F1 /* AppDelegate.swift in Sources */ = {isa = PBXBuildFile; fileRef = EB8AB0BF1BCCC8F6005863F1 /* AppDelegate.swift */; };
		EB8AB0C21BCCC8F6005863F1 /* PlacesViewController.swift in Sources */ = {isa = PBXBuildFile; fileRef = EB8AB0C11BCCC8F6005863F1 /* PlacesViewController.swift */; };
		EB8AB0C51BCCC8F6005863F1 /* Main.storyboard in Resources */ = {isa = PBXBuildFile; fileRef = EB8AB0C31BCCC8F6005863F1 /* Main.storyboard */; };
		EB8AB0C71BCCC8F6005863F1 /* Assets.xcassets in Resources */ = {isa = PBXBuildFile; fileRef = EB8AB0C61BCCC8F6005863F1 /* Assets.xcassets */; };
		EB8AB0CA1BCCC8F6005863F1 /* LaunchScreen.storyboard in Resources */ = {isa = PBXBuildFile; fileRef = EB8AB0C81BCCC8F6005863F1 /* LaunchScreen.storyboard */; };
		EB8AB0D51BCCC8F6005863F1 /* HazeIndexTests.swift in Sources */ = {isa = PBXBuildFile; fileRef = EB8AB0D41BCCC8F6005863F1 /* HazeIndexTests.swift */; };
		EB8AB0E01BCCC8F6005863F1 /* HazeIndexUITests.swift in Sources */ = {isa = PBXBuildFile; fileRef = EB8AB0DF1BCCC8F6005863F1 /* HazeIndexUITests.swift */; };
		EB901A0B1BCF942700C6CDC4 /* StatisticCell.xib in Resources */ = {isa = PBXBuildFile; fileRef = EB901A0A1BCF942700C6CDC4 /* StatisticCell.xib */; settings = {ASSET_TAGS = (); }; };
		EB901A0F1BCF949000C6CDC4 /* StatisticTableViewCell.swift in Sources */ = {isa = PBXBuildFile; fileRef = EB901A0E1BCF949000C6CDC4 /* StatisticTableViewCell.swift */; settings = {ASSET_TAGS = (); }; };
/* End PBXBuildFile section */

/* Begin PBXContainerItemProxy section */
		EB5C7A4B1BD0DE7900CBBD09 /* PBXContainerItemProxy */ = {
			isa = PBXContainerItemProxy;
			containerPortal = EB8AB0B41BCCC8F6005863F1 /* Project object */;
			proxyType = 1;
			remoteGlobalIDString = EB5C7A401BD0DE7900CBBD09;
			remoteInfo = HazeIndexExtension;
		};
		EB8AB0D11BCCC8F6005863F1 /* PBXContainerItemProxy */ = {
			isa = PBXContainerItemProxy;
			containerPortal = EB8AB0B41BCCC8F6005863F1 /* Project object */;
			proxyType = 1;
			remoteGlobalIDString = EB8AB0BB1BCCC8F6005863F1;
			remoteInfo = HazeIndex;
		};
		EB8AB0DC1BCCC8F6005863F1 /* PBXContainerItemProxy */ = {
			isa = PBXContainerItemProxy;
			containerPortal = EB8AB0B41BCCC8F6005863F1 /* Project object */;
			proxyType = 1;
			remoteGlobalIDString = EB8AB0BB1BCCC8F6005863F1;
			remoteInfo = HazeIndex;
		};
/* End PBXContainerItemProxy section */

/* Begin PBXCopyFilesBuildPhase section */
		EB5C7A511BD0DE7900CBBD09 /* Embed App Extensions */ = {
			isa = PBXCopyFilesBuildPhase;
			buildActionMask = 2147483647;
			dstPath = "";
			dstSubfolderSpec = 13;
			files = (
				EB5C7A4D1BD0DE7900CBBD09 /* HazeIndexExtension.appex in Embed App Extensions */,
			);
			name = "Embed App Extensions";
			runOnlyForDeploymentPostprocessing = 0;
		};
/* End PBXCopyFilesBuildPhase section */

/* Begin PBXFileReference section */
		0A30A6D4A8700EA784786FA8 /* Pods.framework */ = {isa = PBXFileReference; explicitFileType = wrapper.framework; includeInIndex = 0; path = Pods.framework; sourceTree = BUILT_PRODUCTS_DIR; };
		2C152CDEDE36E8B97BC3D9C8 /* Pods.release.xcconfig */ = {isa = PBXFileReference; includeInIndex = 1; lastKnownFileType = text.xcconfig; name = Pods.release.xcconfig; path = "Pods/Target Support Files/Pods/Pods.release.xcconfig"; sourceTree = "<group>"; };
		54EC9865157DC2CDD1B46044 /* Pods.debug.xcconfig */ = {isa = PBXFileReference; includeInIndex = 1; lastKnownFileType = text.xcconfig; name = Pods.debug.xcconfig; path = "Pods/Target Support Files/Pods/Pods.debug.xcconfig"; sourceTree = "<group>"; };
		EB32A6871BCCE26F009E62E9 /* Settings.swift */ = {isa = PBXFileReference; fileEncoding = 4; lastKnownFileType = sourcecode.swift; name = Settings.swift; path = HazeIndex/Model/Settings.swift; sourceTree = SOURCE_ROOT; };
		EB32A6891BCCE2DB009E62E9 /* Podfile */ = {isa = PBXFileReference; fileEncoding = 4; lastKnownFileType = text; path = Podfile; sourceTree = SOURCE_ROOT; xcLanguageSpecificationIdentifier = xcode.lang.ruby; };
		EB5C7A411BD0DE7900CBBD09 /* HazeIndexExtension.appex */ = {isa = PBXFileReference; explicitFileType = "wrapper.app-extension"; includeInIndex = 0; path = HazeIndexExtension.appex; sourceTree = BUILT_PRODUCTS_DIR; };
		EB5C7A421BD0DE7900CBBD09 /* NotificationCenter.framework */ = {isa = PBXFileReference; lastKnownFileType = wrapper.framework; name = NotificationCenter.framework; path = System/Library/Frameworks/NotificationCenter.framework; sourceTree = SDKROOT; };
		EB5C7A451BD0DE7900CBBD09 /* TodayViewController.swift */ = {isa = PBXFileReference; lastKnownFileType = sourcecode.swift; path = TodayViewController.swift; sourceTree = "<group>"; };
		EB5C7A481BD0DE7900CBBD09 /* Base */ = {isa = PBXFileReference; lastKnownFileType = file.storyboard; name = Base; path = Base.lproj/MainInterface.storyboard; sourceTree = "<group>"; };
		EB5C7A4A1BD0DE7900CBBD09 /* Info.plist */ = {isa = PBXFileReference; lastKnownFileType = text.plist.xml; path = Info.plist; sourceTree = "<group>"; };
		EB5C7A521BD0E92E00CBBD09 /* CurrentLocationViewController.swift */ = {isa = PBXFileReference; fileEncoding = 4; lastKnownFileType = sourcecode.swift; path = CurrentLocationViewController.swift; sourceTree = "<group>"; };
		EB5C7A591BD0FDD700CBBD09 /* ColorReference.swift */ = {isa = PBXFileReference; fileEncoding = 4; lastKnownFileType = sourcecode.swift; path = ColorReference.swift; sourceTree = "<group>"; };
		EB660D1C1BCCECB0006C6C89 /* HazeApiController.swift */ = {isa = PBXFileReference; fileEncoding = 4; lastKnownFileType = sourcecode.swift; name = HazeApiController.swift; path = HazeIndex/API/HazeApiController.swift; sourceTree = SOURCE_ROOT; };
		EB660D1E1BCCED73006C6C89 /* BaseApi.swift */ = {isa = PBXFileReference; fileEncoding = 4; lastKnownFileType = sourcecode.swift; name = BaseApi.swift; path = HazeIndex/API/BaseApi.swift; sourceTree = SOURCE_ROOT; };
		EB660D211BCCEE4B006C6C89 /* Initializers.swift */ = {isa = PBXFileReference; fileEncoding = 4; lastKnownFileType = sourcecode.swift; path = Initializers.swift; sourceTree = "<group>"; };
		EB6898851BD239310065F38D /* TabBarViewController.swift */ = {isa = PBXFileReference; fileEncoding = 4; lastKnownFileType = sourcecode.swift; path = TabBarViewController.swift; sourceTree = "<group>"; };
		EB6898901BD2BA180065F38D /* CWStatusBarNotification.swift */ = {isa = PBXFileReference; fileEncoding = 4; lastKnownFileType = sourcecode.swift; path = CWStatusBarNotification.swift; sourceTree = "<group>"; };
		EB6898911BD2BA180065F38D /* CWStatusBarNotificationUtils.swift */ = {isa = PBXFileReference; fileEncoding = 4; lastKnownFileType = sourcecode.swift; path = CWStatusBarNotificationUtils.swift; sourceTree = "<group>"; };
		EB8AB0BC1BCCC8F6005863F1 /* HazeIndex.app */ = {isa = PBXFileReference; explicitFileType = wrapper.application; includeInIndex = 0; path = HazeIndex.app; sourceTree = BUILT_PRODUCTS_DIR; };
		EB8AB0BF1BCCC8F6005863F1 /* AppDelegate.swift */ = {isa = PBXFileReference; lastKnownFileType = sourcecode.swift; path = AppDelegate.swift; sourceTree = "<group>"; };
		EB8AB0C11BCCC8F6005863F1 /* PlacesViewController.swift */ = {isa = PBXFileReference; lastKnownFileType = sourcecode.swift; path = PlacesViewController.swift; sourceTree = "<group>"; };
		EB8AB0C41BCCC8F6005863F1 /* Base */ = {isa = PBXFileReference; lastKnownFileType = file.storyboard; name = Base; path = Base.lproj/Main.storyboard; sourceTree = "<group>"; };
		EB8AB0C61BCCC8F6005863F1 /* Assets.xcassets */ = {isa = PBXFileReference; lastKnownFileType = folder.assetcatalog; path = Assets.xcassets; sourceTree = "<group>"; };
		EB8AB0C91BCCC8F6005863F1 /* Base */ = {isa = PBXFileReference; lastKnownFileType = file.storyboard; name = Base; path = Base.lproj/LaunchScreen.storyboard; sourceTree = "<group>"; };
		EB8AB0CB1BCCC8F6005863F1 /* Info.plist */ = {isa = PBXFileReference; lastKnownFileType = text.plist.xml; path = Info.plist; sourceTree = "<group>"; };
		EB8AB0D01BCCC8F6005863F1 /* HazeIndexTests.xctest */ = {isa = PBXFileReference; explicitFileType = wrapper.cfbundle; includeInIndex = 0; path = HazeIndexTests.xctest; sourceTree = BUILT_PRODUCTS_DIR; };
		EB8AB0D41BCCC8F6005863F1 /* HazeIndexTests.swift */ = {isa = PBXFileReference; lastKnownFileType = sourcecode.swift; path = HazeIndexTests.swift; sourceTree = "<group>"; };
		EB8AB0D61BCCC8F6005863F1 /* Info.plist */ = {isa = PBXFileReference; lastKnownFileType = text.plist.xml; path = Info.plist; sourceTree = "<group>"; };
		EB8AB0DB1BCCC8F6005863F1 /* HazeIndexUITests.xctest */ = {isa = PBXFileReference; explicitFileType = wrapper.cfbundle; includeInIndex = 0; path = HazeIndexUITests.xctest; sourceTree = BUILT_PRODUCTS_DIR; };
		EB8AB0DF1BCCC8F6005863F1 /* HazeIndexUITests.swift */ = {isa = PBXFileReference; lastKnownFileType = sourcecode.swift; path = HazeIndexUITests.swift; sourceTree = "<group>"; };
		EB8AB0E11BCCC8F6005863F1 /* Info.plist */ = {isa = PBXFileReference; lastKnownFileType = text.plist.xml; path = Info.plist; sourceTree = "<group>"; };
		EB901A0A1BCF942700C6CDC4 /* StatisticCell.xib */ = {isa = PBXFileReference; fileEncoding = 4; lastKnownFileType = file.xib; name = StatisticCell.xib; path = XIB/StatisticCell.xib; sourceTree = "<group>"; };
		EB901A0E1BCF949000C6CDC4 /* StatisticTableViewCell.swift */ = {isa = PBXFileReference; fileEncoding = 4; lastKnownFileType = sourcecode.swift; name = StatisticTableViewCell.swift; path = Class/StatisticTableViewCell.swift; sourceTree = "<group>"; };
/* End PBXFileReference section */

/* Begin PBXFrameworksBuildPhase section */
		EB5C7A3E1BD0DE7900CBBD09 /* Frameworks */ = {
			isa = PBXFrameworksBuildPhase;
			buildActionMask = 2147483647;
			files = (
				EB5C7A431BD0DE7900CBBD09 /* NotificationCenter.framework in Frameworks */,
			);
			runOnlyForDeploymentPostprocessing = 0;
		};
		EB8AB0B91BCCC8F6005863F1 /* Frameworks */ = {
			isa = PBXFrameworksBuildPhase;
			buildActionMask = 2147483647;
			files = (
				D3EDC762FD4B7032914FC32A /* Pods.framework in Frameworks */,
			);
			runOnlyForDeploymentPostprocessing = 0;
		};
		EB8AB0CD1BCCC8F6005863F1 /* Frameworks */ = {
			isa = PBXFrameworksBuildPhase;
			buildActionMask = 2147483647;
			files = (
			);
			runOnlyForDeploymentPostprocessing = 0;
		};
		EB8AB0D81BCCC8F6005863F1 /* Frameworks */ = {
			isa = PBXFrameworksBuildPhase;
			buildActionMask = 2147483647;
			files = (
			);
			runOnlyForDeploymentPostprocessing = 0;
		};
/* End PBXFrameworksBuildPhase section */

/* Begin PBXGroup section */
		0B1FA014DAC7DAE5AE751BCC /* Pods */ = {
			isa = PBXGroup;
			children = (
				54EC9865157DC2CDD1B46044 /* Pods.debug.xcconfig */,
				2C152CDEDE36E8B97BC3D9C8 /* Pods.release.xcconfig */,
			);
			name = Pods;
			sourceTree = "<group>";
		};
		EB11372E1BCCCDE300410058 /* Controller */ = {
			isa = PBXGroup;
			children = (
				EB660D211BCCEE4B006C6C89 /* Initializers.swift */,
				EB8AB0C11BCCC8F6005863F1 /* PlacesViewController.swift */,
				EB5C7A521BD0E92E00CBBD09 /* CurrentLocationViewController.swift */,
				EB6898851BD239310065F38D /* TabBarViewController.swift */,
			);
			path = Controller;
			sourceTree = "<group>";
		};
		EB11372F1BCCCDFB00410058 /* Assets */ = {
			isa = PBXGroup;
			children = (
				EB901A0D1BCF946100C6CDC4 /* Class */,
				EB901A0C1BCF945800C6CDC4 /* XIB */,
				EB1137301BCCCE0800410058 /* Storyboard */,
				EB8AB0C61BCCC8F6005863F1 /* Assets.xcassets */,
			);
			path = Assets;
			sourceTree = "<group>";
		};
		EB1137301BCCCE0800410058 /* Storyboard */ = {
			isa = PBXGroup;
			children = (
				EB8AB0C31BCCC8F6005863F1 /* Main.storyboard */,
				EB8AB0C81BCCC8F6005863F1 /* LaunchScreen.storyboard */,
			);
			path = Storyboard;
			sourceTree = "<group>";
		};
		EB32A6861BCCE1F1009E62E9 /* Model */ = {
			isa = PBXGroup;
			children = (
				EB32A6871BCCE26F009E62E9 /* Settings.swift */,
				EB5C7A591BD0FDD700CBBD09 /* ColorReference.swift */,
			);
			name = Model;
			path = Controller;
			sourceTree = "<group>";
		};
		EB5C7A441BD0DE7900CBBD09 /* HazeIndexExtension */ = {
			isa = PBXGroup;
			children = (
				EB5C7A451BD0DE7900CBBD09 /* TodayViewController.swift */,
				EB5C7A471BD0DE7900CBBD09 /* MainInterface.storyboard */,
				EB5C7A4A1BD0DE7900CBBD09 /* Info.plist */,
			);
			path = HazeIndexExtension;
			sourceTree = "<group>";
		};
		EB660D1B1BCCEC86006C6C89 /* API */ = {
			isa = PBXGroup;
			children = (
				EB660D1C1BCCECB0006C6C89 /* HazeApiController.swift */,
				EB660D1E1BCCED73006C6C89 /* BaseApi.swift */,
			);
			name = API;
			path = Controller;
			sourceTree = "<group>";
		};
		EB68988D1BD2B9FF0065F38D /* Libraries */ = {
			isa = PBXGroup;
			children = (
				EB68988E1BD2BA180065F38D /* CWStatusBarNotification */,
			);
			name = Libraries;
			sourceTree = "<group>";
		};
		EB68988E1BD2BA180065F38D /* CWStatusBarNotification */ = {
			isa = PBXGroup;
			children = (
				EB6898901BD2BA180065F38D /* CWStatusBarNotification.swift */,
				EB6898911BD2BA180065F38D /* CWStatusBarNotificationUtils.swift */,
			);
			path = CWStatusBarNotification;
			sourceTree = "<group>";
		};
		EB8AB0B31BCCC8F6005863F1 = {
			isa = PBXGroup;
			children = (
				EB8AB0BE1BCCC8F6005863F1 /* HazeIndex */,
				EB8AB0D31BCCC8F6005863F1 /* HazeIndexTests */,
				EB8AB0DE1BCCC8F6005863F1 /* HazeIndexUITests */,
				EB5C7A441BD0DE7900CBBD09 /* HazeIndexExtension */,
				EB8AB0BD1BCCC8F6005863F1 /* Products */,
				0B1FA014DAC7DAE5AE751BCC /* Pods */,
				ED83B9676619AA534A77430D /* Frameworks */,
			);
			sourceTree = "<group>";
		};
		EB8AB0BD1BCCC8F6005863F1 /* Products */ = {
			isa = PBXGroup;
			children = (
				EB8AB0BC1BCCC8F6005863F1 /* HazeIndex.app */,
				EB8AB0D01BCCC8F6005863F1 /* HazeIndexTests.xctest */,
				EB8AB0DB1BCCC8F6005863F1 /* HazeIndexUITests.xctest */,
				EB5C7A411BD0DE7900CBBD09 /* HazeIndexExtension.appex */,
			);
			name = Products;
			sourceTree = "<group>";
		};
		EB8AB0BE1BCCC8F6005863F1 /* HazeIndex */ = {
			isa = PBXGroup;
			children = (
				EB68988D1BD2B9FF0065F38D /* Libraries */,
				EB660D1B1BCCEC86006C6C89 /* API */,
				EB11372E1BCCCDE300410058 /* Controller */,
				EB32A6861BCCE1F1009E62E9 /* Model */,
				EB11372F1BCCCDFB00410058 /* Assets */,
				EB8AB0BF1BCCC8F6005863F1 /* AppDelegate.swift */,
				EB8AB0CB1BCCC8F6005863F1 /* Info.plist */,
				EB32A6891BCCE2DB009E62E9 /* Podfile */,
			);
			path = HazeIndex;
			sourceTree = "<group>";
		};
		EB8AB0D31BCCC8F6005863F1 /* HazeIndexTests */ = {
			isa = PBXGroup;
			children = (
				EB8AB0D41BCCC8F6005863F1 /* HazeIndexTests.swift */,
				EB8AB0D61BCCC8F6005863F1 /* Info.plist */,
			);
			path = HazeIndexTests;
			sourceTree = "<group>";
		};
		EB8AB0DE1BCCC8F6005863F1 /* HazeIndexUITests */ = {
			isa = PBXGroup;
			children = (
				EB8AB0DF1BCCC8F6005863F1 /* HazeIndexUITests.swift */,
				EB8AB0E11BCCC8F6005863F1 /* Info.plist */,
			);
			path = HazeIndexUITests;
			sourceTree = "<group>";
		};
		EB901A0C1BCF945800C6CDC4 /* XIB */ = {
			isa = PBXGroup;
			children = (
				EB901A0A1BCF942700C6CDC4 /* StatisticCell.xib */,
			);
			name = XIB;
			sourceTree = "<group>";
		};
		EB901A0D1BCF946100C6CDC4 /* Class */ = {
			isa = PBXGroup;
			children = (
				EB901A0E1BCF949000C6CDC4 /* StatisticTableViewCell.swift */,
			);
			name = Class;
			sourceTree = "<group>";
		};
		ED83B9676619AA534A77430D /* Frameworks */ = {
			isa = PBXGroup;
			children = (
				0A30A6D4A8700EA784786FA8 /* Pods.framework */,
				EB5C7A421BD0DE7900CBBD09 /* NotificationCenter.framework */,
			);
			name = Frameworks;
			sourceTree = "<group>";
		};
/* End PBXGroup section */

/* Begin PBXNativeTarget section */
		EB5C7A401BD0DE7900CBBD09 /* HazeIndexExtension */ = {
			isa = PBXNativeTarget;
			buildConfigurationList = EB5C7A501BD0DE7900CBBD09 /* Build configuration list for PBXNativeTarget "HazeIndexExtension" */;
			buildPhases = (
				EB5C7A3D1BD0DE7900CBBD09 /* Sources */,
				EB5C7A3E1BD0DE7900CBBD09 /* Frameworks */,
				EB5C7A3F1BD0DE7900CBBD09 /* Resources */,
			);
			buildRules = (
			);
			dependencies = (
			);
			name = HazeIndexExtension;
			productName = HazeIndexExtension;
			productReference = EB5C7A411BD0DE7900CBBD09 /* HazeIndexExtension.appex */;
			productType = "com.apple.product-type.app-extension";
		};
		EB8AB0BB1BCCC8F6005863F1 /* HazeIndex */ = {
			isa = PBXNativeTarget;
			buildConfigurationList = EB8AB0E41BCCC8F6005863F1 /* Build configuration list for PBXNativeTarget "HazeIndex" */;
			buildPhases = (
				65D69198BB971074EDCDBF2D /* Check Pods Manifest.lock */,
				EB8AB0B81BCCC8F6005863F1 /* Sources */,
				EB8AB0B91BCCC8F6005863F1 /* Frameworks */,
				EB8AB0BA1BCCC8F6005863F1 /* Resources */,
				DDA251544C8E2ABBBDDCFC37 /* Embed Pods Frameworks */,
				5D6A7F1BF556E171515534F6 /* Copy Pods Resources */,
				EB5C7A511BD0DE7900CBBD09 /* Embed App Extensions */,
			);
			buildRules = (
			);
			dependencies = (
				EB5C7A4C1BD0DE7900CBBD09 /* PBXTargetDependency */,
			);
			name = HazeIndex;
			productName = HazeIndex;
			productReference = EB8AB0BC1BCCC8F6005863F1 /* HazeIndex.app */;
			productType = "com.apple.product-type.application";
		};
		EB8AB0CF1BCCC8F6005863F1 /* HazeIndexTests */ = {
			isa = PBXNativeTarget;
			buildConfigurationList = EB8AB0E71BCCC8F6005863F1 /* Build configuration list for PBXNativeTarget "HazeIndexTests" */;
			buildPhases = (
				EB8AB0CC1BCCC8F6005863F1 /* Sources */,
				EB8AB0CD1BCCC8F6005863F1 /* Frameworks */,
				EB8AB0CE1BCCC8F6005863F1 /* Resources */,
			);
			buildRules = (
			);
			dependencies = (
				EB8AB0D21BCCC8F6005863F1 /* PBXTargetDependency */,
			);
			name = HazeIndexTests;
			productName = HazeIndexTests;
			productReference = EB8AB0D01BCCC8F6005863F1 /* HazeIndexTests.xctest */;
			productType = "com.apple.product-type.bundle.unit-test";
		};
		EB8AB0DA1BCCC8F6005863F1 /* HazeIndexUITests */ = {
			isa = PBXNativeTarget;
			buildConfigurationList = EB8AB0EA1BCCC8F6005863F1 /* Build configuration list for PBXNativeTarget "HazeIndexUITests" */;
			buildPhases = (
				EB8AB0D71BCCC8F6005863F1 /* Sources */,
				EB8AB0D81BCCC8F6005863F1 /* Frameworks */,
				EB8AB0D91BCCC8F6005863F1 /* Resources */,
			);
			buildRules = (
			);
			dependencies = (
				EB8AB0DD1BCCC8F6005863F1 /* PBXTargetDependency */,
			);
			name = HazeIndexUITests;
			productName = HazeIndexUITests;
			productReference = EB8AB0DB1BCCC8F6005863F1 /* HazeIndexUITests.xctest */;
			productType = "com.apple.product-type.bundle.ui-testing";
		};
/* End PBXNativeTarget section */

/* Begin PBXProject section */
		EB8AB0B41BCCC8F6005863F1 /* Project object */ = {
			isa = PBXProject;
			attributes = {
				LastSwiftUpdateCheck = 0700;
				LastUpgradeCheck = 0700;
				ORGANIZATIONNAME = "Muhammad Azuan Zira Zairein";
				TargetAttributes = {
					EB5C7A401BD0DE7900CBBD09 = {
						CreatedOnToolsVersion = 7.0.1;
						DevelopmentTeam = 429JZPT8A3;
					};
					EB8AB0BB1BCCC8F6005863F1 = {
						CreatedOnToolsVersion = 7.0.1;
						DevelopmentTeam = 429JZPT8A3;
					};
					EB8AB0CF1BCCC8F6005863F1 = {
						CreatedOnToolsVersion = 7.0.1;
						DevelopmentTeam = 429JZPT8A3;
						TestTargetID = EB8AB0BB1BCCC8F6005863F1;
					};
					EB8AB0DA1BCCC8F6005863F1 = {
						CreatedOnToolsVersion = 7.0.1;
						DevelopmentTeam = 429JZPT8A3;
						TestTargetID = EB8AB0BB1BCCC8F6005863F1;
					};
				};
			};
			buildConfigurationList = EB8AB0B71BCCC8F6005863F1 /* Build configuration list for PBXProject "HazeIndex" */;
			compatibilityVersion = "Xcode 3.2";
			developmentRegion = English;
			hasScannedForEncodings = 0;
			knownRegions = (
				en,
				Base,
			);
			mainGroup = EB8AB0B31BCCC8F6005863F1;
			productRefGroup = EB8AB0BD1BCCC8F6005863F1 /* Products */;
			projectDirPath = "";
			projectRoot = "";
			targets = (
				EB8AB0BB1BCCC8F6005863F1 /* HazeIndex */,
				EB8AB0CF1BCCC8F6005863F1 /* HazeIndexTests */,
				EB8AB0DA1BCCC8F6005863F1 /* HazeIndexUITests */,
				EB5C7A401BD0DE7900CBBD09 /* HazeIndexExtension */,
			);
		};
/* End PBXProject section */

/* Begin PBXResourcesBuildPhase section */
		EB5C7A3F1BD0DE7900CBBD09 /* Resources */ = {
			isa = PBXResourcesBuildPhase;
			buildActionMask = 2147483647;
			files = (
				EB5C7A491BD0DE7900CBBD09 /* MainInterface.storyboard in Resources */,
			);
			runOnlyForDeploymentPostprocessing = 0;
		};
		EB8AB0BA1BCCC8F6005863F1 /* Resources */ = {
			isa = PBXResourcesBuildPhase;
			buildActionMask = 2147483647;
			files = (
				EB901A0B1BCF942700C6CDC4 /* StatisticCell.xib in Resources */,
				EB8AB0CA1BCCC8F6005863F1 /* LaunchScreen.storyboard in Resources */,
				EB8AB0C71BCCC8F6005863F1 /* Assets.xcassets in Resources */,
				EB32A68A1BCCE2DB009E62E9 /* Podfile in Resources */,
				EB8AB0C51BCCC8F6005863F1 /* Main.storyboard in Resources */,
			);
			runOnlyForDeploymentPostprocessing = 0;
		};
		EB8AB0CE1BCCC8F6005863F1 /* Resources */ = {
			isa = PBXResourcesBuildPhase;
			buildActionMask = 2147483647;
			files = (
			);
			runOnlyForDeploymentPostprocessing = 0;
		};
		EB8AB0D91BCCC8F6005863F1 /* Resources */ = {
			isa = PBXResourcesBuildPhase;
			buildActionMask = 2147483647;
			files = (
			);
			runOnlyForDeploymentPostprocessing = 0;
		};
/* End PBXResourcesBuildPhase section */

/* Begin PBXShellScriptBuildPhase section */
		5D6A7F1BF556E171515534F6 /* Copy Pods Resources */ = {
			isa = PBXShellScriptBuildPhase;
			buildActionMask = 2147483647;
			files = (
			);
			inputPaths = (
			);
			name = "Copy Pods Resources";
			outputPaths = (
			);
			runOnlyForDeploymentPostprocessing = 0;
			shellPath = /bin/sh;
			shellScript = "\"${SRCROOT}/Pods/Target Support Files/Pods/Pods-resources.sh\"\n";
			showEnvVarsInLog = 0;
		};
		65D69198BB971074EDCDBF2D /* Check Pods Manifest.lock */ = {
			isa = PBXShellScriptBuildPhase;
			buildActionMask = 2147483647;
			files = (
			);
			inputPaths = (
			);
			name = "Check Pods Manifest.lock";
			outputPaths = (
			);
			runOnlyForDeploymentPostprocessing = 0;
			shellPath = /bin/sh;
			shellScript = "diff \"${PODS_ROOT}/../Podfile.lock\" \"${PODS_ROOT}/Manifest.lock\" > /dev/null\nif [[ $? != 0 ]] ; then\n    cat << EOM\nerror: The sandbox is not in sync with the Podfile.lock. Run 'pod install' or update your CocoaPods installation.\nEOM\n    exit 1\nfi\n";
			showEnvVarsInLog = 0;
		};
		DDA251544C8E2ABBBDDCFC37 /* Embed Pods Frameworks */ = {
			isa = PBXShellScriptBuildPhase;
			buildActionMask = 2147483647;
			files = (
			);
			inputPaths = (
			);
			name = "Embed Pods Frameworks";
			outputPaths = (
			);
			runOnlyForDeploymentPostprocessing = 0;
			shellPath = /bin/sh;
			shellScript = "\"${SRCROOT}/Pods/Target Support Files/Pods/Pods-frameworks.sh\"\n";
			showEnvVarsInLog = 0;
		};
/* End PBXShellScriptBuildPhase section */

/* Begin PBXSourcesBuildPhase section */
		EB5C7A3D1BD0DE7900CBBD09 /* Sources */ = {
			isa = PBXSourcesBuildPhase;
			buildActionMask = 2147483647;
			files = (
				EB5C7A461BD0DE7900CBBD09 /* TodayViewController.swift in Sources */,
			);
			runOnlyForDeploymentPostprocessing = 0;
		};
		EB8AB0B81BCCC8F6005863F1 /* Sources */ = {
			isa = PBXSourcesBuildPhase;
			buildActionMask = 2147483647;
			files = (
				EB660D1D1BCCECB0006C6C89 /* HazeApiController.swift in Sources */,
				EB5C7A531BD0E92E00CBBD09 /* CurrentLocationViewController.swift in Sources */,
				EB32A6881BCCE26F009E62E9 /* Settings.swift in Sources */,
				EB660D221BCCEE4B006C6C89 /* Initializers.swift in Sources */,
				EB8AB0C21BCCC8F6005863F1 /* PlacesViewController.swift in Sources */,
				EB660D1F1BCCED73006C6C89 /* BaseApi.swift in Sources */,
				EB901A0F1BCF949000C6CDC4 /* StatisticTableViewCell.swift in Sources */,
				EB6898941BD2BA180065F38D /* CWStatusBarNotificationUtils.swift in Sources */,
				EB5C7A5A1BD0FDD700CBBD09 /* ColorReference.swift in Sources */,
				EB6898861BD239310065F38D /* TabBarViewController.swift in Sources */,
				EB6898931BD2BA180065F38D /* CWStatusBarNotification.swift in Sources */,
				EB8AB0C01BCCC8F6005863F1 /* AppDelegate.swift in Sources */,
			);
			runOnlyForDeploymentPostprocessing = 0;
		};
		EB8AB0CC1BCCC8F6005863F1 /* Sources */ = {
			isa = PBXSourcesBuildPhase;
			buildActionMask = 2147483647;
			files = (
				EB8AB0D51BCCC8F6005863F1 /* HazeIndexTests.swift in Sources */,
			);
			runOnlyForDeploymentPostprocessing = 0;
		};
		EB8AB0D71BCCC8F6005863F1 /* Sources */ = {
			isa = PBXSourcesBuildPhase;
			buildActionMask = 2147483647;
			files = (
				EB8AB0E01BCCC8F6005863F1 /* HazeIndexUITests.swift in Sources */,
			);
			runOnlyForDeploymentPostprocessing = 0;
		};
/* End PBXSourcesBuildPhase section */

/* Begin PBXTargetDependency section */
		EB5C7A4C1BD0DE7900CBBD09 /* PBXTargetDependency */ = {
			isa = PBXTargetDependency;
			target = EB5C7A401BD0DE7900CBBD09 /* HazeIndexExtension */;
			targetProxy = EB5C7A4B1BD0DE7900CBBD09 /* PBXContainerItemProxy */;
		};
		EB8AB0D21BCCC8F6005863F1 /* PBXTargetDependency */ = {
			isa = PBXTargetDependency;
			target = EB8AB0BB1BCCC8F6005863F1 /* HazeIndex */;
			targetProxy = EB8AB0D11BCCC8F6005863F1 /* PBXContainerItemProxy */;
		};
		EB8AB0DD1BCCC8F6005863F1 /* PBXTargetDependency */ = {
			isa = PBXTargetDependency;
			target = EB8AB0BB1BCCC8F6005863F1 /* HazeIndex */;
			targetProxy = EB8AB0DC1BCCC8F6005863F1 /* PBXContainerItemProxy */;
		};
/* End PBXTargetDependency section */

/* Begin PBXVariantGroup section */
		EB5C7A471BD0DE7900CBBD09 /* MainInterface.storyboard */ = {
			isa = PBXVariantGroup;
			children = (
				EB5C7A481BD0DE7900CBBD09 /* Base */,
			);
			name = MainInterface.storyboard;
			sourceTree = "<group>";
		};
		EB8AB0C31BCCC8F6005863F1 /* Main.storyboard */ = {
			isa = PBXVariantGroup;
			children = (
				EB8AB0C41BCCC8F6005863F1 /* Base */,
			);
			name = Main.storyboard;
			path = .;
			sourceTree = "<group>";
		};
		EB8AB0C81BCCC8F6005863F1 /* LaunchScreen.storyboard */ = {
			isa = PBXVariantGroup;
			children = (
				EB8AB0C91BCCC8F6005863F1 /* Base */,
			);
			name = LaunchScreen.storyboard;
			path = .;
			sourceTree = "<group>";
		};
/* End PBXVariantGroup section */

/* Begin XCBuildConfiguration section */
		EB5C7A4E1BD0DE7900CBBD09 /* Debug */ = {
			isa = XCBuildConfiguration;
			buildSettings = {
				CODE_SIGN_IDENTITY = "iPhone Developer";
				INFOPLIST_FILE = HazeIndexExtension/Info.plist;
				LD_RUNPATH_SEARCH_PATHS = "$(inherited) @executable_path/Frameworks @executable_path/../../Frameworks";
				PRODUCT_BUNDLE_IDENTIFIER = com.alienxp03.ios.HazeIndex.HazeIndexExtension;
				PRODUCT_NAME = "$(TARGET_NAME)";
				SKIP_INSTALL = YES;
			};
			name = Debug;
		};
		EB5C7A4F1BD0DE7900CBBD09 /* Release */ = {
			isa = XCBuildConfiguration;
			buildSettings = {
				CODE_SIGN_IDENTITY = "iPhone Developer";
				INFOPLIST_FILE = HazeIndexExtension/Info.plist;
				LD_RUNPATH_SEARCH_PATHS = "$(inherited) @executable_path/Frameworks @executable_path/../../Frameworks";
				PRODUCT_BUNDLE_IDENTIFIER = com.alienxp03.ios.HazeIndex.HazeIndexExtension;
				PRODUCT_NAME = "$(TARGET_NAME)";
				SKIP_INSTALL = YES;
			};
			name = Release;
		};
		EB8AB0E21BCCC8F6005863F1 /* Debug */ = {
			isa = XCBuildConfiguration;
			buildSettings = {
				ALWAYS_SEARCH_USER_PATHS = NO;
				CLANG_CXX_LANGUAGE_STANDARD = "gnu++0x";
				CLANG_CXX_LIBRARY = "libc++";
				CLANG_ENABLE_MODULES = YES;
				CLANG_ENABLE_OBJC_ARC = YES;
				CLANG_WARN_BOOL_CONVERSION = YES;
				CLANG_WARN_CONSTANT_CONVERSION = YES;
				CLANG_WARN_DIRECT_OBJC_ISA_USAGE = YES_ERROR;
				CLANG_WARN_EMPTY_BODY = YES;
				CLANG_WARN_ENUM_CONVERSION = YES;
				CLANG_WARN_INT_CONVERSION = YES;
				CLANG_WARN_OBJC_ROOT_CLASS = YES_ERROR;
				CLANG_WARN_UNREACHABLE_CODE = YES;
				CLANG_WARN__DUPLICATE_METHOD_MATCH = YES;
				"CODE_SIGN_IDENTITY[sdk=iphoneos*]" = "iPhone Developer";
				COPY_PHASE_STRIP = NO;
				DEBUG_INFORMATION_FORMAT = dwarf;
				ENABLE_STRICT_OBJC_MSGSEND = YES;
				ENABLE_TESTABILITY = YES;
				GCC_C_LANGUAGE_STANDARD = gnu99;
				GCC_DYNAMIC_NO_PIC = NO;
				GCC_NO_COMMON_BLOCKS = YES;
				GCC_OPTIMIZATION_LEVEL = 0;
				GCC_PREPROCESSOR_DEFINITIONS = (
					"DEBUG=1",
					"$(inherited)",
				);
				GCC_WARN_64_TO_32_BIT_CONVERSION = YES;
				GCC_WARN_ABOUT_RETURN_TYPE = YES_ERROR;
				GCC_WARN_UNDECLARED_SELECTOR = YES;
				GCC_WARN_UNINITIALIZED_AUTOS = YES_AGGRESSIVE;
				GCC_WARN_UNUSED_FUNCTION = YES;
				GCC_WARN_UNUSED_VARIABLE = YES;
				IPHONEOS_DEPLOYMENT_TARGET = 9.0;
				MTL_ENABLE_DEBUG_INFO = YES;
				ONLY_ACTIVE_ARCH = YES;
				SDKROOT = iphoneos;
				SWIFT_OPTIMIZATION_LEVEL = "-Onone";
				TARGETED_DEVICE_FAMILY = "1,2";
			};
			name = Debug;
		};
		EB8AB0E31BCCC8F6005863F1 /* Release */ = {
			isa = XCBuildConfiguration;
			buildSettings = {
				ALWAYS_SEARCH_USER_PATHS = NO;
				CLANG_CXX_LANGUAGE_STANDARD = "gnu++0x";
				CLANG_CXX_LIBRARY = "libc++";
				CLANG_ENABLE_MODULES = YES;
				CLANG_ENABLE_OBJC_ARC = YES;
				CLANG_WARN_BOOL_CONVERSION = YES;
				CLANG_WARN_CONSTANT_CONVERSION = YES;
				CLANG_WARN_DIRECT_OBJC_ISA_USAGE = YES_ERROR;
				CLANG_WARN_EMPTY_BODY = YES;
				CLANG_WARN_ENUM_CONVERSION = YES;
				CLANG_WARN_INT_CONVERSION = YES;
				CLANG_WARN_OBJC_ROOT_CLASS = YES_ERROR;
				CLANG_WARN_UNREACHABLE_CODE = YES;
				CLANG_WARN__DUPLICATE_METHOD_MATCH = YES;
				"CODE_SIGN_IDENTITY[sdk=iphoneos*]" = "iPhone Developer";
				COPY_PHASE_STRIP = NO;
				DEBUG_INFORMATION_FORMAT = "dwarf-with-dsym";
				ENABLE_NS_ASSERTIONS = NO;
				ENABLE_STRICT_OBJC_MSGSEND = YES;
				GCC_C_LANGUAGE_STANDARD = gnu99;
				GCC_NO_COMMON_BLOCKS = YES;
				GCC_WARN_64_TO_32_BIT_CONVERSION = YES;
				GCC_WARN_ABOUT_RETURN_TYPE = YES_ERROR;
				GCC_WARN_UNDECLARED_SELECTOR = YES;
				GCC_WARN_UNINITIALIZED_AUTOS = YES_AGGRESSIVE;
				GCC_WARN_UNUSED_FUNCTION = YES;
				GCC_WARN_UNUSED_VARIABLE = YES;
				IPHONEOS_DEPLOYMENT_TARGET = 9.0;
				MTL_ENABLE_DEBUG_INFO = NO;
				SDKROOT = iphoneos;
				TARGETED_DEVICE_FAMILY = "1,2";
				VALIDATE_PRODUCT = YES;
			};
			name = Release;
		};
		EB8AB0E51BCCC8F6005863F1 /* Debug */ = {
			isa = XCBuildConfiguration;
			baseConfigurationReference = 54EC9865157DC2CDD1B46044 /* Pods.debug.xcconfig */;
			buildSettings = {
				ASSETCATALOG_COMPILER_APPICON_NAME = AppIcon;
				CLANG_ENABLE_MODULES = YES;
				CODE_SIGN_IDENTITY = "iPhone Developer";
				EMBEDDED_CONTENT_CONTAINS_SWIFT = YES;
				FRAMEWORK_SEARCH_PATHS = (
					"$(inherited)",
					"$(PROJECT_DIR)/Pods/**",
				);
				INFOPLIST_FILE = HazeIndex/Info.plist;
				LD_RUNPATH_SEARCH_PATHS = "$(inherited) @executable_path/Frameworks";
				PRODUCT_BUNDLE_IDENTIFIER = com.alienxp03.ios.HazeIndex;
				PRODUCT_NAME = "$(TARGET_NAME)";
				SWIFT_OBJC_BRIDGING_HEADER = "";
				SWIFT_OPTIMIZATION_LEVEL = "-Onone";
			};
			name = Debug;
		};
		EB8AB0E61BCCC8F6005863F1 /* Release */ = {
			isa = XCBuildConfiguration;
			baseConfigurationReference = 2C152CDEDE36E8B97BC3D9C8 /* Pods.release.xcconfig */;
			buildSettings = {
				ASSETCATALOG_COMPILER_APPICON_NAME = AppIcon;
				CLANG_ENABLE_MODULES = YES;
				CODE_SIGN_IDENTITY = "iPhone Developer";
				EMBEDDED_CONTENT_CONTAINS_SWIFT = YES;
				FRAMEWORK_SEARCH_PATHS = (
					"$(inherited)",
					"$(PROJECT_DIR)/Pods/**",
				);
				INFOPLIST_FILE = HazeIndex/Info.plist;
				LD_RUNPATH_SEARCH_PATHS = "$(inherited) @executable_path/Frameworks";
				PRODUCT_BUNDLE_IDENTIFIER = com.alienxp03.ios.HazeIndex;
				PRODUCT_NAME = "$(TARGET_NAME)";
				SWIFT_OBJC_BRIDGING_HEADER = "";
			};
			name = Release;
		};
		EB8AB0E81BCCC8F6005863F1 /* Debug */ = {
			isa = XCBuildConfiguration;
			buildSettings = {
				BUNDLE_LOADER = "$(TEST_HOST)";
				INFOPLIST_FILE = HazeIndexTests/Info.plist;
				LD_RUNPATH_SEARCH_PATHS = "$(inherited) @executable_path/Frameworks @loader_path/Frameworks";
				PRODUCT_BUNDLE_IDENTIFIER = com.alienxp03.ios.HazeIndexTests;
				PRODUCT_NAME = "$(TARGET_NAME)";
				TEST_HOST = "$(BUILT_PRODUCTS_DIR)/HazeIndex.app/HazeIndex";
			};
			name = Debug;
		};
		EB8AB0E91BCCC8F6005863F1 /* Release */ = {
			isa = XCBuildConfiguration;
			buildSettings = {
				BUNDLE_LOADER = "$(TEST_HOST)";
				INFOPLIST_FILE = HazeIndexTests/Info.plist;
				LD_RUNPATH_SEARCH_PATHS = "$(inherited) @executable_path/Frameworks @loader_path/Frameworks";
				PRODUCT_BUNDLE_IDENTIFIER = com.alienxp03.ios.HazeIndexTests;
				PRODUCT_NAME = "$(TARGET_NAME)";
				TEST_HOST = "$(BUILT_PRODUCTS_DIR)/HazeIndex.app/HazeIndex";
			};
			name = Release;
		};
		EB8AB0EB1BCCC8F6005863F1 /* Debug */ = {
			isa = XCBuildConfiguration;
			buildSettings = {
				INFOPLIST_FILE = HazeIndexUITests/Info.plist;
				LD_RUNPATH_SEARCH_PATHS = "$(inherited) @executable_path/Frameworks @loader_path/Frameworks";
				PRODUCT_BUNDLE_IDENTIFIER = com.alienxp03.ios.HazeIndexUITests;
				PRODUCT_NAME = "$(TARGET_NAME)";
				TEST_TARGET_NAME = HazeIndex;
				USES_XCTRUNNER = YES;
			};
			name = Debug;
		};
		EB8AB0EC1BCCC8F6005863F1 /* Release */ = {
			isa = XCBuildConfiguration;
			buildSettings = {
				INFOPLIST_FILE = HazeIndexUITests/Info.plist;
				LD_RUNPATH_SEARCH_PATHS = "$(inherited) @executable_path/Frameworks @loader_path/Frameworks";
				PRODUCT_BUNDLE_IDENTIFIER = com.alienxp03.ios.HazeIndexUITests;
				PRODUCT_NAME = "$(TARGET_NAME)";
				TEST_TARGET_NAME = HazeIndex;
				USES_XCTRUNNER = YES;
			};
			name = Release;
		};
/* End XCBuildConfiguration section */

/* Begin XCConfigurationList section */
		EB5C7A501BD0DE7900CBBD09 /* Build configuration list for PBXNativeTarget "HazeIndexExtension" */ = {
			isa = XCConfigurationList;
			buildConfigurations = (
				EB5C7A4E1BD0DE7900CBBD09 /* Debug */,
				EB5C7A4F1BD0DE7900CBBD09 /* Release */,
			);
			defaultConfigurationIsVisible = 0;
			defaultConfigurationName = Release;
		};
		EB8AB0B71BCCC8F6005863F1 /* Build configuration list for PBXProject "HazeIndex" */ = {
			isa = XCConfigurationList;
			buildConfigurations = (
				EB8AB0E21BCCC8F6005863F1 /* Debug */,
				EB8AB0E31BCCC8F6005863F1 /* Release */,
			);
			defaultConfigurationIsVisible = 0;
			defaultConfigurationName = Release;
		};
		EB8AB0E41BCCC8F6005863F1 /* Build configuration list for PBXNativeTarget "HazeIndex" */ = {
			isa = XCConfigurationList;
			buildConfigurations = (
				EB8AB0E51BCCC8F6005863F1 /* Debug */,
				EB8AB0E61BCCC8F6005863F1 /* Release */,
			);
			defaultConfigurationIsVisible = 0;
			defaultConfigurationName = Release;
		};
		EB8AB0E71BCCC8F6005863F1 /* Build configuration list for PBXNativeTarget "HazeIndexTests" */ = {
			isa = XCConfigurationList;
			buildConfigurations = (
				EB8AB0E81BCCC8F6005863F1 /* Debug */,
				EB8AB0E91BCCC8F6005863F1 /* Release */,
			);
			defaultConfigurationIsVisible = 0;
			defaultConfigurationName = Release;
		};
		EB8AB0EA1BCCC8F6005863F1 /* Build configuration list for PBXNativeTarget "HazeIndexUITests" */ = {
			isa = XCConfigurationList;
			buildConfigurations = (
				EB8AB0EB1BCCC8F6005863F1 /* Debug */,
				EB8AB0EC1BCCC8F6005863F1 /* Release */,
			);
			defaultConfigurationIsVisible = 0;
			defaultConfigurationName = Release;
		};
/* End XCConfigurationList section */
	};
	rootObject = EB8AB0B41BCCC8F6005863F1 /* Project object */;
}
