// !$*UTF8*$!
{
	archiveVersion = 1;
	classes = {
	};
	objectVersion = 46;
	objects = {

/* Begin PBXBuildFile section */
		EB19F3EF1BD6C8130013188F /* SettingsViewController.swift in Sources */ = {isa = PBXBuildFile; fileRef = EB19F3EE1BD6C8130013188F /* SettingsViewController.swift */; };
		EB32A6881BCCE26F009E62E9 /* Settings.swift in Sources */ = {isa = PBXBuildFile; fileRef = EB32A6871BCCE26F009E62E9 /* Settings.swift */; };
		EB34832E1BD4BA4E00745E92 /* Introduction.storyboard in Resources */ = {isa = PBXBuildFile; fileRef = EB34832D1BD4BA4E00745E92 /* Introduction.storyboard */; };
		EB3483361BD4C9BF00745E92 /* IntroductionViewController.swift in Sources */ = {isa = PBXBuildFile; fileRef = EB3483351BD4C9BF00745E92 /* IntroductionViewController.swift */; };
		EB3483381BD4EA5C00745E92 /* ColorReferenceViewController.swift in Sources */ = {isa = PBXBuildFile; fileRef = EB3483371BD4EA5C00745E92 /* ColorReferenceViewController.swift */; };
		EB34833A1BD4EF6300745E92 /* LegendTableViewCell.swift in Sources */ = {isa = PBXBuildFile; fileRef = EB3483391BD4EF6300745E92 /* LegendTableViewCell.swift */; };
		EB5C7A531BD0E92E00CBBD09 /* CurrentLocationViewController.swift in Sources */ = {isa = PBXBuildFile; fileRef = EB5C7A521BD0E92E00CBBD09 /* CurrentLocationViewController.swift */; };
		EB5C7A5A1BD0FDD700CBBD09 /* ColorReference.swift in Sources */ = {isa = PBXBuildFile; fileRef = EB5C7A591BD0FDD700CBBD09 /* ColorReference.swift */; };
		EB660D1D1BCCECB0006C6C89 /* HazeApiController.swift in Sources */ = {isa = PBXBuildFile; fileRef = EB660D1C1BCCECB0006C6C89 /* HazeApiController.swift */; };
		EB660D1F1BCCED73006C6C89 /* BaseApi.swift in Sources */ = {isa = PBXBuildFile; fileRef = EB660D1E1BCCED73006C6C89 /* BaseApi.swift */; };
		EB660D221BCCEE4B006C6C89 /* Initializers.swift in Sources */ = {isa = PBXBuildFile; fileRef = EB660D211BCCEE4B006C6C89 /* Initializers.swift */; };
		EB6898861BD239310065F38D /* TabBarViewController.swift in Sources */ = {isa = PBXBuildFile; fileRef = EB6898851BD239310065F38D /* TabBarViewController.swift */; };
		EB6898931BD2BA180065F38D /* CWStatusBarNotification.swift in Sources */ = {isa = PBXBuildFile; fileRef = EB6898901BD2BA180065F38D /* CWStatusBarNotification.swift */; };
		EB6898941BD2BA180065F38D /* CWStatusBarNotificationUtils.swift in Sources */ = {isa = PBXBuildFile; fileRef = EB6898911BD2BA180065F38D /* CWStatusBarNotificationUtils.swift */; };
		EB8AB0C01BCCC8F6005863F1 /* AppDelegate.swift in Sources */ = {isa = PBXBuildFile; fileRef = EB8AB0BF1BCCC8F6005863F1 /* AppDelegate.swift */; };
		EB8AB0C21BCCC8F6005863F1 /* PlacesViewController.swift in Sources */ = {isa = PBXBuildFile; fileRef = EB8AB0C11BCCC8F6005863F1 /* PlacesViewController.swift */; };
		EB8AB0C51BCCC8F6005863F1 /* Main.storyboard in Resources */ = {isa = PBXBuildFile; fileRef = EB8AB0C31BCCC8F6005863F1 /* Main.storyboard */; };
		EB8AB0C71BCCC8F6005863F1 /* Assets.xcassets in Resources */ = {isa = PBXBuildFile; fileRef = EB8AB0C61BCCC8F6005863F1 /* Assets.xcassets */; };
		EB8AB0CA1BCCC8F6005863F1 /* LaunchScreen.storyboard in Resources */ = {isa = PBXBuildFile; fileRef = EB8AB0C81BCCC8F6005863F1 /* LaunchScreen.storyboard */; };
		EB901A0B1BCF942700C6CDC4 /* StatisticCell.xib in Resources */ = {isa = PBXBuildFile; fileRef = EB901A0A1BCF942700C6CDC4 /* StatisticCell.xib */; };
		EB901A0F1BCF949000C6CDC4 /* StatisticTableViewCell.swift in Sources */ = {isa = PBXBuildFile; fileRef = EB901A0E1BCF949000C6CDC4 /* StatisticTableViewCell.swift */; };
		EB96BDED1BD74BF900A04540 /* Appfile in Resources */ = {isa = PBXBuildFile; fileRef = EB96BDD41BD74BF900A04540 /* Appfile */; };
		EB96BDEE1BD74BF900A04540 /* Deliverfile in Resources */ = {isa = PBXBuildFile; fileRef = EB96BDD51BD74BF900A04540 /* Deliverfile */; };
		EB96BDEF1BD74BF900A04540 /* Fastfile in Resources */ = {isa = PBXBuildFile; fileRef = EB96BDD61BD74BF900A04540 /* Fastfile */; };
		EB96BDF01BD74BF900A04540 /* copyright.txt in Resources */ = {isa = PBXBuildFile; fileRef = EB96BDD71BD74BF900A04540 /* copyright.txt */; };
		EB96BDF11BD74BF900A04540 /* description.txt in Resources */ = {isa = PBXBuildFile; fileRef = EB96BDD81BD74BF900A04540 /* description.txt */; };
		EB96BDF21BD74BF900A04540 /* keywords.txt in Resources */ = {isa = PBXBuildFile; fileRef = EB96BDD91BD74BF900A04540 /* keywords.txt */; };
		EB96BDF31BD74BF900A04540 /* marketing_url.txt in Resources */ = {isa = PBXBuildFile; fileRef = EB96BDDA1BD74BF900A04540 /* marketing_url.txt */; };
		EB96BDF41BD74BF900A04540 /* name.txt in Resources */ = {isa = PBXBuildFile; fileRef = EB96BDDB1BD74BF900A04540 /* name.txt */; };
		EB96BDF51BD74BF900A04540 /* privacy_url.txt in Resources */ = {isa = PBXBuildFile; fileRef = EB96BDDC1BD74BF900A04540 /* privacy_url.txt */; };
		EB96BDF61BD74BF900A04540 /* release_notes.txt in Resources */ = {isa = PBXBuildFile; fileRef = EB96BDDD1BD74BF900A04540 /* release_notes.txt */; };
		EB96BDF71BD74BF900A04540 /* support_url.txt in Resources */ = {isa = PBXBuildFile; fileRef = EB96BDDE1BD74BF900A04540 /* support_url.txt */; };
		EB96BDF81BD74BF900A04540 /* primary_category.txt in Resources */ = {isa = PBXBuildFile; fileRef = EB96BDE01BD74BF900A04540 /* primary_category.txt */; };
		EB96BDF91BD74BF900A04540 /* primary_first_sub_category.txt in Resources */ = {isa = PBXBuildFile; fileRef = EB96BDE11BD74BF900A04540 /* primary_first_sub_category.txt */; };
		EB96BDFA1BD74BF900A04540 /* primary_second_sub_category.txt in Resources */ = {isa = PBXBuildFile; fileRef = EB96BDE21BD74BF900A04540 /* primary_second_sub_category.txt */; };
		EB96BDFB1BD74BF900A04540 /* secondary_category.txt in Resources */ = {isa = PBXBuildFile; fileRef = EB96BDE31BD74BF900A04540 /* secondary_category.txt */; };
		EB96BDFC1BD74BF900A04540 /* secondary_first_sub_category.txt in Resources */ = {isa = PBXBuildFile; fileRef = EB96BDE41BD74BF900A04540 /* secondary_first_sub_category.txt */; };
		EB96BDFD1BD74BF900A04540 /* README.txt in Resources */ = {isa = PBXBuildFile; fileRef = EB96BDE61BD74BF900A04540 /* README.txt */; };
		EB96BDFE1BD74BF900A04540 /* Snapfile in Resources */ = {isa = PBXBuildFile; fileRef = EB96BDE81BD74BF900A04540 /* Snapfile */; };
		EB96BDFF1BD74BF900A04540 /* snapshot-iPad.js in Resources */ = {isa = PBXBuildFile; fileRef = EB96BDE91BD74BF900A04540 /* snapshot-iPad.js */; };
		EB96BE001BD74BF900A04540 /* snapshot.js in Resources */ = {isa = PBXBuildFile; fileRef = EB96BDEA1BD74BF900A04540 /* snapshot.js */; };
		EB96BE011BD74BF900A04540 /* SnapshotHelper.js in Resources */ = {isa = PBXBuildFile; fileRef = EB96BDEB1BD74BF900A04540 /* SnapshotHelper.js */; };
		EBE0C1691BD73CAB00F215AC /* LegendCell.xib in Resources */ = {isa = PBXBuildFile; fileRef = EBE0C1681BD73CAB00F215AC /* LegendCell.xib */; };
		F50897B46EE868DF2AA8074E /* Pods_HazeMalaysia.framework in Frameworks */ = {isa = PBXBuildFile; fileRef = 10383E423638D97D99E5E404 /* Pods_HazeMalaysia.framework */; };
/* End PBXBuildFile section */

/* Begin PBXCopyFilesBuildPhase section */
		EB5C7A511BD0DE7900CBBD09 /* Embed App Extensions */ = {
			isa = PBXCopyFilesBuildPhase;
			buildActionMask = 2147483647;
			dstPath = "";
			dstSubfolderSpec = 13;
			files = (
			);
			name = "Embed App Extensions";
			runOnlyForDeploymentPostprocessing = 0;
		};
/* End PBXCopyFilesBuildPhase section */

/* Begin PBXFileReference section */
		0A30A6D4A8700EA784786FA8 /* Pods.framework */ = {isa = PBXFileReference; explicitFileType = wrapper.framework; includeInIndex = 0; path = Pods.framework; sourceTree = BUILT_PRODUCTS_DIR; };
		10383E423638D97D99E5E404 /* Pods_HazeMalaysia.framework */ = {isa = PBXFileReference; explicitFileType = wrapper.framework; includeInIndex = 0; path = Pods_HazeMalaysia.framework; sourceTree = BUILT_PRODUCTS_DIR; };
		4DBB96F6FBB5C0A78CB40FDA /* Pods-HazeMalaysia.release.xcconfig */ = {isa = PBXFileReference; includeInIndex = 1; lastKnownFileType = text.xcconfig; name = "Pods-HazeMalaysia.release.xcconfig"; path = "Pods/Target Support Files/Pods-HazeMalaysia/Pods-HazeMalaysia.release.xcconfig"; sourceTree = "<group>"; };
		683DE6B291ACC6271C1869C9 /* Pods-HazeMalaysia.debug.xcconfig */ = {isa = PBXFileReference; includeInIndex = 1; lastKnownFileType = text.xcconfig; name = "Pods-HazeMalaysia.debug.xcconfig"; path = "Pods/Target Support Files/Pods-HazeMalaysia/Pods-HazeMalaysia.debug.xcconfig"; sourceTree = "<group>"; };
		EB19F3EE1BD6C8130013188F /* SettingsViewController.swift */ = {isa = PBXFileReference; fileEncoding = 4; lastKnownFileType = sourcecode.swift; path = SettingsViewController.swift; sourceTree = "<group>"; };
		EB32A6871BCCE26F009E62E9 /* Settings.swift */ = {isa = PBXFileReference; fileEncoding = 4; lastKnownFileType = sourcecode.swift; path = Settings.swift; sourceTree = "<group>"; };
		EB34832D1BD4BA4E00745E92 /* Introduction.storyboard */ = {isa = PBXFileReference; fileEncoding = 4; lastKnownFileType = file.storyboard; path = Introduction.storyboard; sourceTree = "<group>"; };
		EB3483321BD4C14900745E92 /* HazeIndex-Bridging-Header.h */ = {isa = PBXFileReference; lastKnownFileType = sourcecode.c.h; path = "HazeIndex-Bridging-Header.h"; sourceTree = "<group>"; };
		EB3483351BD4C9BF00745E92 /* IntroductionViewController.swift */ = {isa = PBXFileReference; fileEncoding = 4; lastKnownFileType = sourcecode.swift; path = IntroductionViewController.swift; sourceTree = "<group>"; };
		EB3483371BD4EA5C00745E92 /* ColorReferenceViewController.swift */ = {isa = PBXFileReference; fileEncoding = 4; lastKnownFileType = sourcecode.swift; path = ColorReferenceViewController.swift; sourceTree = "<group>"; };
		EB3483391BD4EF6300745E92 /* LegendTableViewCell.swift */ = {isa = PBXFileReference; fileEncoding = 4; lastKnownFileType = sourcecode.swift; path = LegendTableViewCell.swift; sourceTree = "<group>"; };
		EB5C7A421BD0DE7900CBBD09 /* NotificationCenter.framework */ = {isa = PBXFileReference; lastKnownFileType = wrapper.framework; name = NotificationCenter.framework; path = System/Library/Frameworks/NotificationCenter.framework; sourceTree = SDKROOT; };
		EB5C7A521BD0E92E00CBBD09 /* CurrentLocationViewController.swift */ = {isa = PBXFileReference; fileEncoding = 4; lastKnownFileType = sourcecode.swift; path = CurrentLocationViewController.swift; sourceTree = "<group>"; };
		EB5C7A591BD0FDD700CBBD09 /* ColorReference.swift */ = {isa = PBXFileReference; fileEncoding = 4; lastKnownFileType = sourcecode.swift; path = ColorReference.swift; sourceTree = "<group>"; };
		EB660D1C1BCCECB0006C6C89 /* HazeApiController.swift */ = {isa = PBXFileReference; fileEncoding = 4; lastKnownFileType = sourcecode.swift; path = HazeApiController.swift; sourceTree = "<group>"; };
		EB660D1E1BCCED73006C6C89 /* BaseApi.swift */ = {isa = PBXFileReference; fileEncoding = 4; lastKnownFileType = sourcecode.swift; path = BaseApi.swift; sourceTree = "<group>"; };
		EB660D211BCCEE4B006C6C89 /* Initializers.swift */ = {isa = PBXFileReference; fileEncoding = 4; lastKnownFileType = sourcecode.swift; path = Initializers.swift; sourceTree = "<group>"; };
		EB6898851BD239310065F38D /* TabBarViewController.swift */ = {isa = PBXFileReference; fileEncoding = 4; lastKnownFileType = sourcecode.swift; path = TabBarViewController.swift; sourceTree = "<group>"; };
		EB6898901BD2BA180065F38D /* CWStatusBarNotification.swift */ = {isa = PBXFileReference; fileEncoding = 4; lastKnownFileType = sourcecode.swift; path = CWStatusBarNotification.swift; sourceTree = "<group>"; };
		EB6898911BD2BA180065F38D /* CWStatusBarNotificationUtils.swift */ = {isa = PBXFileReference; fileEncoding = 4; lastKnownFileType = sourcecode.swift; path = CWStatusBarNotificationUtils.swift; sourceTree = "<group>"; };
		EB8AB0BC1BCCC8F6005863F1 /* HazeMalaysia.app */ = {isa = PBXFileReference; explicitFileType = wrapper.application; includeInIndex = 0; path = HazeMalaysia.app; sourceTree = BUILT_PRODUCTS_DIR; };
		EB8AB0BF1BCCC8F6005863F1 /* AppDelegate.swift */ = {isa = PBXFileReference; lastKnownFileType = sourcecode.swift; path = AppDelegate.swift; sourceTree = "<group>"; };
		EB8AB0C11BCCC8F6005863F1 /* PlacesViewController.swift */ = {isa = PBXFileReference; lastKnownFileType = sourcecode.swift; path = PlacesViewController.swift; sourceTree = "<group>"; };
		EB8AB0C41BCCC8F6005863F1 /* Base */ = {isa = PBXFileReference; lastKnownFileType = file.storyboard; name = Base; path = Base.lproj/Main.storyboard; sourceTree = "<group>"; };
		EB8AB0C61BCCC8F6005863F1 /* Assets.xcassets */ = {isa = PBXFileReference; lastKnownFileType = folder.assetcatalog; path = Assets.xcassets; sourceTree = "<group>"; };
		EB8AB0C91BCCC8F6005863F1 /* Base */ = {isa = PBXFileReference; lastKnownFileType = file.storyboard; name = Base; path = Base.lproj/LaunchScreen.storyboard; sourceTree = "<group>"; };
		EB8AB0CB1BCCC8F6005863F1 /* Info.plist */ = {isa = PBXFileReference; lastKnownFileType = text.plist.xml; path = Info.plist; sourceTree = "<group>"; };
		EB8AB0D41BCCC8F6005863F1 /* HazeIndexTests.swift */ = {isa = PBXFileReference; lastKnownFileType = sourcecode.swift; path = HazeIndexTests.swift; sourceTree = "<group>"; };
		EB8AB0D61BCCC8F6005863F1 /* Info.plist */ = {isa = PBXFileReference; lastKnownFileType = text.plist.xml; path = Info.plist; sourceTree = "<group>"; };
		EB8AB0DF1BCCC8F6005863F1 /* HazeIndexUITests.swift */ = {isa = PBXFileReference; lastKnownFileType = sourcecode.swift; path = HazeIndexUITests.swift; sourceTree = "<group>"; };
		EB8AB0E11BCCC8F6005863F1 /* Info.plist */ = {isa = PBXFileReference; lastKnownFileType = text.plist.xml; path = Info.plist; sourceTree = "<group>"; };
		EB901A0A1BCF942700C6CDC4 /* StatisticCell.xib */ = {isa = PBXFileReference; fileEncoding = 4; lastKnownFileType = file.xib; path = StatisticCell.xib; sourceTree = "<group>"; };
		EB901A0E1BCF949000C6CDC4 /* StatisticTableViewCell.swift */ = {isa = PBXFileReference; fileEncoding = 4; lastKnownFileType = sourcecode.swift; path = StatisticTableViewCell.swift; sourceTree = "<group>"; };
		EB96BDD41BD74BF900A04540 /* Appfile */ = {isa = PBXFileReference; fileEncoding = 4; lastKnownFileType = text; path = Appfile; sourceTree = "<group>"; };
		EB96BDD51BD74BF900A04540 /* Deliverfile */ = {isa = PBXFileReference; fileEncoding = 4; lastKnownFileType = text; path = Deliverfile; sourceTree = "<group>"; };
		EB96BDD61BD74BF900A04540 /* Fastfile */ = {isa = PBXFileReference; fileEncoding = 4; lastKnownFileType = text; path = Fastfile; sourceTree = "<group>"; xcLanguageSpecificationIdentifier = xcode.lang.ruby; };
		EB96BDD71BD74BF900A04540 /* copyright.txt */ = {isa = PBXFileReference; fileEncoding = 4; lastKnownFileType = text; path = copyright.txt; sourceTree = "<group>"; };
		EB96BDD81BD74BF900A04540 /* description.txt */ = {isa = PBXFileReference; fileEncoding = 4; lastKnownFileType = text; path = description.txt; sourceTree = "<group>"; };
		EB96BDD91BD74BF900A04540 /* keywords.txt */ = {isa = PBXFileReference; fileEncoding = 4; lastKnownFileType = text; path = keywords.txt; sourceTree = "<group>"; };
		EB96BDDA1BD74BF900A04540 /* marketing_url.txt */ = {isa = PBXFileReference; fileEncoding = 4; lastKnownFileType = text; path = marketing_url.txt; sourceTree = "<group>"; };
		EB96BDDB1BD74BF900A04540 /* name.txt */ = {isa = PBXFileReference; fileEncoding = 4; lastKnownFileType = text; path = name.txt; sourceTree = "<group>"; };
		EB96BDDC1BD74BF900A04540 /* privacy_url.txt */ = {isa = PBXFileReference; fileEncoding = 4; lastKnownFileType = text; path = privacy_url.txt; sourceTree = "<group>"; };
		EB96BDDD1BD74BF900A04540 /* release_notes.txt */ = {isa = PBXFileReference; fileEncoding = 4; lastKnownFileType = text; path = release_notes.txt; sourceTree = "<group>"; };
		EB96BDDE1BD74BF900A04540 /* support_url.txt */ = {isa = PBXFileReference; fileEncoding = 4; lastKnownFileType = text; path = support_url.txt; sourceTree = "<group>"; };
		EB96BDE01BD74BF900A04540 /* primary_category.txt */ = {isa = PBXFileReference; fileEncoding = 4; lastKnownFileType = text; path = primary_category.txt; sourceTree = "<group>"; };
		EB96BDE11BD74BF900A04540 /* primary_first_sub_category.txt */ = {isa = PBXFileReference; fileEncoding = 4; lastKnownFileType = text; path = primary_first_sub_category.txt; sourceTree = "<group>"; };
		EB96BDE21BD74BF900A04540 /* primary_second_sub_category.txt */ = {isa = PBXFileReference; fileEncoding = 4; lastKnownFileType = text; path = primary_second_sub_category.txt; sourceTree = "<group>"; };
		EB96BDE31BD74BF900A04540 /* secondary_category.txt */ = {isa = PBXFileReference; fileEncoding = 4; lastKnownFileType = text; path = secondary_category.txt; sourceTree = "<group>"; };
		EB96BDE41BD74BF900A04540 /* secondary_first_sub_category.txt */ = {isa = PBXFileReference; fileEncoding = 4; lastKnownFileType = text; path = secondary_first_sub_category.txt; sourceTree = "<group>"; };
		EB96BDE61BD74BF900A04540 /* README.txt */ = {isa = PBXFileReference; fileEncoding = 4; lastKnownFileType = text; path = README.txt; sourceTree = "<group>"; };
		EB96BDE81BD74BF900A04540 /* Snapfile */ = {isa = PBXFileReference; fileEncoding = 4; lastKnownFileType = text; path = Snapfile; sourceTree = "<group>"; xcLanguageSpecificationIdentifier = xcode.lang.ruby; };
		EB96BDE91BD74BF900A04540 /* snapshot-iPad.js */ = {isa = PBXFileReference; fileEncoding = 4; lastKnownFileType = sourcecode.javascript; path = "snapshot-iPad.js"; sourceTree = "<group>"; };
		EB96BDEA1BD74BF900A04540 /* snapshot.js */ = {isa = PBXFileReference; fileEncoding = 4; lastKnownFileType = sourcecode.javascript; path = snapshot.js; sourceTree = "<group>"; };
		EB96BDEB1BD74BF900A04540 /* SnapshotHelper.js */ = {isa = PBXFileReference; fileEncoding = 4; lastKnownFileType = sourcecode.javascript; path = SnapshotHelper.js; sourceTree = "<group>"; };
		EBE0C1681BD73CAB00F215AC /* LegendCell.xib */ = {isa = PBXFileReference; fileEncoding = 4; lastKnownFileType = file.xib; path = LegendCell.xib; sourceTree = "<group>"; };
		EBF29C2A1BD60ECB007C4EC7 /* HazeIndex.entitlements */ = {isa = PBXFileReference; lastKnownFileType = text.xml; path = HazeIndex.entitlements; sourceTree = "<group>"; };
/* End PBXFileReference section */

/* Begin PBXFrameworksBuildPhase section */
		EB8AB0B91BCCC8F6005863F1 /* Frameworks */ = {
			isa = PBXFrameworksBuildPhase;
			buildActionMask = 2147483647;
			files = (
				F50897B46EE868DF2AA8074E /* Pods_HazeMalaysia.framework in Frameworks */,
			);
			runOnlyForDeploymentPostprocessing = 0;
		};
/* End PBXFrameworksBuildPhase section */

/* Begin PBXGroup section */
		A2214FAC8A93B726CA86B5FA /* Pods */ = {
			isa = PBXGroup;
			children = (
				683DE6B291ACC6271C1869C9 /* Pods-HazeMalaysia.debug.xcconfig */,
				4DBB96F6FBB5C0A78CB40FDA /* Pods-HazeMalaysia.release.xcconfig */,
			);
			name = Pods;
			sourceTree = "<group>";
		};
		EB11372E1BCCCDE300410058 /* Controller */ = {
			isa = PBXGroup;
			children = (
				EB5C7A521BD0E92E00CBBD09 /* CurrentLocationViewController.swift */,
				EB660D211BCCEE4B006C6C89 /* Initializers.swift */,
				EB3483351BD4C9BF00745E92 /* IntroductionViewController.swift */,
				EB8AB0C11BCCC8F6005863F1 /* PlacesViewController.swift */,
				EB3483371BD4EA5C00745E92 /* ColorReferenceViewController.swift */,
				EB6898851BD239310065F38D /* TabBarViewController.swift */,
				EB19F3EE1BD6C8130013188F /* SettingsViewController.swift */,
			);
			path = Controller;
			sourceTree = "<group>";
		};
		EB11372F1BCCCDFB00410058 /* Assets */ = {
			isa = PBXGroup;
			children = (
				EB901A0D1BCF946100C6CDC4 /* Class */,
				EB1137301BCCCE0800410058 /* Storyboard */,
				EB901A0C1BCF945800C6CDC4 /* XIB */,
				EB8AB0C61BCCC8F6005863F1 /* Assets.xcassets */,
			);
			path = Assets;
			sourceTree = "<group>";
		};
		EB1137301BCCCE0800410058 /* Storyboard */ = {
			isa = PBXGroup;
			children = (
				EB34832D1BD4BA4E00745E92 /* Introduction.storyboard */,
				EB8AB0C81BCCC8F6005863F1 /* LaunchScreen.storyboard */,
				EB8AB0C31BCCC8F6005863F1 /* Main.storyboard */,
			);
			path = Storyboard;
			sourceTree = "<group>";
		};
		EB32A6861BCCE1F1009E62E9 /* Model */ = {
			isa = PBXGroup;
			children = (
				EB5C7A591BD0FDD700CBBD09 /* ColorReference.swift */,
				EB32A6871BCCE26F009E62E9 /* Settings.swift */,
			);
			path = Model;
			sourceTree = "<group>";
		};
		EB660D1B1BCCEC86006C6C89 /* API */ = {
			isa = PBXGroup;
			children = (
				EB660D1E1BCCED73006C6C89 /* BaseApi.swift */,
				EB660D1C1BCCECB0006C6C89 /* HazeApiController.swift */,
			);
			path = API;
			sourceTree = "<group>";
		};
		EB68988D1BD2B9FF0065F38D /* Libraries */ = {
			isa = PBXGroup;
			children = (
				EB68988E1BD2BA180065F38D /* CWStatusBarNotification */,
			);
			path = Libraries;
			sourceTree = "<group>";
		};
		EB68988E1BD2BA180065F38D /* CWStatusBarNotification */ = {
			isa = PBXGroup;
			children = (
				EB6898901BD2BA180065F38D /* CWStatusBarNotification.swift */,
				EB6898911BD2BA180065F38D /* CWStatusBarNotificationUtils.swift */,
			);
			path = CWStatusBarNotification;
			sourceTree = "<group>";
		};
		EB8AB0B31BCCC8F6005863F1 = {
			isa = PBXGroup;
			children = (
				EB8AB0BE1BCCC8F6005863F1 /* HazeMalaysia */,
				ED83B9676619AA534A77430D /* Frameworks */,
				EB8AB0D31BCCC8F6005863F1 /* HazeMalaysiaTests */,
				EB8AB0DE1BCCC8F6005863F1 /* HazeMalaysiaUITests */,
				EB8AB0BD1BCCC8F6005863F1 /* Products */,
				EB96BDEC1BD74BF900A04540 /* fastlane */,
				A2214FAC8A93B726CA86B5FA /* Pods */,
			);
			sourceTree = "<group>";
		};
		EB8AB0BD1BCCC8F6005863F1 /* Products */ = {
			isa = PBXGroup;
			children = (
				EB8AB0BC1BCCC8F6005863F1 /* HazeMalaysia.app */,
			);
			name = Products;
			sourceTree = "<group>";
		};
		EB8AB0BE1BCCC8F6005863F1 /* HazeMalaysia */ = {
			isa = PBXGroup;
			children = (
				EB660D1B1BCCEC86006C6C89 /* API */,
				EB11372E1BCCCDE300410058 /* Controller */,
				EB32A6861BCCE1F1009E62E9 /* Model */,
				EB11372F1BCCCDFB00410058 /* Assets */,
				EB68988D1BD2B9FF0065F38D /* Libraries */,
				EB8AB0BF1BCCC8F6005863F1 /* AppDelegate.swift */,
				EB3483321BD4C14900745E92 /* HazeIndex-Bridging-Header.h */,
				EBF29C2A1BD60ECB007C4EC7 /* HazeIndex.entitlements */,
				EB8AB0CB1BCCC8F6005863F1 /* Info.plist */,
			);
			path = HazeMalaysia;
			sourceTree = "<group>";
		};
		EB8AB0D31BCCC8F6005863F1 /* HazeMalaysiaTests */ = {
			isa = PBXGroup;
			children = (
				EB8AB0D41BCCC8F6005863F1 /* HazeIndexTests.swift */,
				EB8AB0D61BCCC8F6005863F1 /* Info.plist */,
			);
			path = HazeMalaysiaTests;
			sourceTree = "<group>";
		};
		EB8AB0DE1BCCC8F6005863F1 /* HazeMalaysiaUITests */ = {
			isa = PBXGroup;
			children = (
				EB8AB0DF1BCCC8F6005863F1 /* HazeIndexUITests.swift */,
				EB8AB0E11BCCC8F6005863F1 /* Info.plist */,
			);
			path = HazeMalaysiaUITests;
			sourceTree = "<group>";
		};
		EB901A0C1BCF945800C6CDC4 /* XIB */ = {
			isa = PBXGroup;
			children = (
				EB901A0A1BCF942700C6CDC4 /* StatisticCell.xib */,
				EBE0C1681BD73CAB00F215AC /* LegendCell.xib */,
			);
			path = XIB;
			sourceTree = "<group>";
		};
		EB901A0D1BCF946100C6CDC4 /* Class */ = {
			isa = PBXGroup;
			children = (
				EB3483391BD4EF6300745E92 /* LegendTableViewCell.swift */,
				EB901A0E1BCF949000C6CDC4 /* StatisticTableViewCell.swift */,
			);
			path = Class;
			sourceTree = "<group>";
		};
		EB96BDD31BD74BF900A04540 /* actions */ = {
			isa = PBXGroup;
			children = (
			);
			path = actions;
			sourceTree = "<group>";
		};
		EB96BDDF1BD74BF900A04540 /* en-US */ = {
			isa = PBXGroup;
			children = (
				EB96BDD81BD74BF900A04540 /* description.txt */,
				EB96BDD91BD74BF900A04540 /* keywords.txt */,
				EB96BDDA1BD74BF900A04540 /* marketing_url.txt */,
				EB96BDDB1BD74BF900A04540 /* name.txt */,
				EB96BDDC1BD74BF900A04540 /* privacy_url.txt */,
				EB96BDDD1BD74BF900A04540 /* release_notes.txt */,
				EB96BDDE1BD74BF900A04540 /* support_url.txt */,
			);
			path = "en-US";
			sourceTree = "<group>";
		};
		EB96BDE51BD74BF900A04540 /* metadata */ = {
			isa = PBXGroup;
			children = (
				EB96BDD71BD74BF900A04540 /* copyright.txt */,
				EB96BDDF1BD74BF900A04540 /* en-US */,
				EB96BDE01BD74BF900A04540 /* primary_category.txt */,
				EB96BDE11BD74BF900A04540 /* primary_first_sub_category.txt */,
				EB96BDE21BD74BF900A04540 /* primary_second_sub_category.txt */,
				EB96BDE31BD74BF900A04540 /* secondary_category.txt */,
				EB96BDE41BD74BF900A04540 /* secondary_first_sub_category.txt */,
			);
			path = metadata;
			sourceTree = "<group>";
		};
		EB96BDE71BD74BF900A04540 /* screenshots */ = {
			isa = PBXGroup;
			children = (
				EB96BDE61BD74BF900A04540 /* README.txt */,
			);
			path = screenshots;
			sourceTree = "<group>";
		};
		EB96BDEC1BD74BF900A04540 /* fastlane */ = {
			isa = PBXGroup;
			children = (
				EB96BDD31BD74BF900A04540 /* actions */,
				EB96BDD41BD74BF900A04540 /* Appfile */,
				EB96BDD51BD74BF900A04540 /* Deliverfile */,
				EB96BDD61BD74BF900A04540 /* Fastfile */,
				EB96BDE51BD74BF900A04540 /* metadata */,
				EB96BDE71BD74BF900A04540 /* screenshots */,
				EB96BDE81BD74BF900A04540 /* Snapfile */,
				EB96BDE91BD74BF900A04540 /* snapshot-iPad.js */,
				EB96BDEA1BD74BF900A04540 /* snapshot.js */,
				EB96BDEB1BD74BF900A04540 /* SnapshotHelper.js */,
			);
			path = fastlane;
			sourceTree = "<group>";
		};
		ED83B9676619AA534A77430D /* Frameworks */ = {
			isa = PBXGroup;
			children = (
				0A30A6D4A8700EA784786FA8 /* Pods.framework */,
				EB5C7A421BD0DE7900CBBD09 /* NotificationCenter.framework */,
				10383E423638D97D99E5E404 /* Pods_HazeMalaysia.framework */,
			);
			name = Frameworks;
			sourceTree = "<group>";
		};
/* End PBXGroup section */

/* Begin PBXNativeTarget section */
		EB8AB0BB1BCCC8F6005863F1 /* HazeMalaysia */ = {
			isa = PBXNativeTarget;
			buildConfigurationList = EB8AB0E41BCCC8F6005863F1 /* Build configuration list for PBXNativeTarget "HazeMalaysia" */;
			buildPhases = (
				8D33078039F127BB17EA1C7B /* [CP] Check Pods Manifest.lock */,
				EB8AB0B81BCCC8F6005863F1 /* Sources */,
				EB8AB0B91BCCC8F6005863F1 /* Frameworks */,
				EB8AB0BA1BCCC8F6005863F1 /* Resources */,
				EB5C7A511BD0DE7900CBBD09 /* Embed App Extensions */,
				846E672782719B939EC765CC /* [CP] Embed Pods Frameworks */,
				7239DA0EB8C891108CB22046 /* [CP] Copy Pods Resources */,
				A37C7DEA1D7AD384009AA776 /* Fabric */,
			);
			buildRules = (
			);
			dependencies = (
			);
			name = HazeMalaysia;
			productName = HazeIndex;
			productReference = EB8AB0BC1BCCC8F6005863F1 /* HazeMalaysia.app */;
			productType = "com.apple.product-type.application";
		};
/* End PBXNativeTarget section */

/* Begin PBXProject section */
		EB8AB0B41BCCC8F6005863F1 /* Project object */ = {
			isa = PBXProject;
			attributes = {
				LastSwiftUpdateCheck = 0700;
				LastUpgradeCheck = 0700;
				ORGANIZATIONNAME = "Muhammad Azuan Zira Zairein";
				TargetAttributes = {
					EB8AB0BB1BCCC8F6005863F1 = {
						CreatedOnToolsVersion = 7.0.1;
						DevelopmentTeam = 62H3MNSVEL;
						SystemCapabilities = {
							com.apple.ApplicationGroups.iOS = {
								enabled = 0;
							};
						};
					};
				};
			};
			buildConfigurationList = EB8AB0B71BCCC8F6005863F1 /* Build configuration list for PBXProject "HazeMalaysia" */;
			compatibilityVersion = "Xcode 3.2";
			developmentRegion = English;
			hasScannedForEncodings = 0;
			knownRegions = (
				en,
				Base,
			);
			mainGroup = EB8AB0B31BCCC8F6005863F1;
			productRefGroup = EB8AB0BD1BCCC8F6005863F1 /* Products */;
			projectDirPath = "";
			projectRoot = "";
			targets = (
				EB8AB0BB1BCCC8F6005863F1 /* HazeMalaysia */,
			);
		};
/* End PBXProject section */

/* Begin PBXResourcesBuildPhase section */
		EB8AB0BA1BCCC8F6005863F1 /* Resources */ = {
			isa = PBXResourcesBuildPhase;
			buildActionMask = 2147483647;
			files = (
				EB96BDFE1BD74BF900A04540 /* Snapfile in Resources */,
				EB96BDEF1BD74BF900A04540 /* Fastfile in Resources */,
				EB96BDF21BD74BF900A04540 /* keywords.txt in Resources */,
				EB96BDF11BD74BF900A04540 /* description.txt in Resources */,
				EB96BDED1BD74BF900A04540 /* Appfile in Resources */,
				EB96BDF41BD74BF900A04540 /* name.txt in Resources */,
				EB96BDF91BD74BF900A04540 /* primary_first_sub_category.txt in Resources */,
				EB901A0B1BCF942700C6CDC4 /* StatisticCell.xib in Resources */,
				EB96BDF71BD74BF900A04540 /* support_url.txt in Resources */,
				EB96BDF61BD74BF900A04540 /* release_notes.txt in Resources */,
				EB8AB0CA1BCCC8F6005863F1 /* LaunchScreen.storyboard in Resources */,
				EB96BE001BD74BF900A04540 /* snapshot.js in Resources */,
				EB96BE011BD74BF900A04540 /* SnapshotHelper.js in Resources */,
				EB34832E1BD4BA4E00745E92 /* Introduction.storyboard in Resources */,
				EB96BDFF1BD74BF900A04540 /* snapshot-iPad.js in Resources */,
				EBE0C1691BD73CAB00F215AC /* LegendCell.xib in Resources */,
				EB8AB0C71BCCC8F6005863F1 /* Assets.xcassets in Resources */,
				EB96BDFA1BD74BF900A04540 /* primary_second_sub_category.txt in Resources */,
				EB96BDF31BD74BF900A04540 /* marketing_url.txt in Resources */,
				EB96BDFB1BD74BF900A04540 /* secondary_category.txt in Resources */,
				EB96BDFC1BD74BF900A04540 /* secondary_first_sub_category.txt in Resources */,
				EB96BDF81BD74BF900A04540 /* primary_category.txt in Resources */,
				EB8AB0C51BCCC8F6005863F1 /* Main.storyboard in Resources */,
				EB96BDF51BD74BF900A04540 /* privacy_url.txt in Resources */,
				EB96BDEE1BD74BF900A04540 /* Deliverfile in Resources */,
				EB96BDFD1BD74BF900A04540 /* README.txt in Resources */,
				EB96BDF01BD74BF900A04540 /* copyright.txt in Resources */,
			);
			runOnlyForDeploymentPostprocessing = 0;
		};
/* End PBXResourcesBuildPhase section */

/* Begin PBXShellScriptBuildPhase section */
		7239DA0EB8C891108CB22046 /* [CP] Copy Pods Resources */ = {
			isa = PBXShellScriptBuildPhase;
			buildActionMask = 2147483647;
			files = (
			);
			inputPaths = (
			);
			name = "[CP] Copy Pods Resources";
			outputPaths = (
			);
			runOnlyForDeploymentPostprocessing = 0;
			shellPath = /bin/sh;
			shellScript = "\"${SRCROOT}/Pods/Target Support Files/Pods-HazeMalaysia/Pods-HazeMalaysia-resources.sh\"\n";
			showEnvVarsInLog = 0;
		};
		846E672782719B939EC765CC /* [CP] Embed Pods Frameworks */ = {
			isa = PBXShellScriptBuildPhase;
			buildActionMask = 2147483647;
			files = (
			);
			inputPaths = (
			);
			name = "[CP] Embed Pods Frameworks";
			outputPaths = (
			);
			runOnlyForDeploymentPostprocessing = 0;
			shellPath = /bin/sh;
			shellScript = "\"${SRCROOT}/Pods/Target Support Files/Pods-HazeMalaysia/Pods-HazeMalaysia-frameworks.sh\"\n";
			showEnvVarsInLog = 0;
		};
		8D33078039F127BB17EA1C7B /* [CP] Check Pods Manifest.lock */ = {
			isa = PBXShellScriptBuildPhase;
			buildActionMask = 2147483647;
			files = (
			);
			inputPaths = (
			);
			name = "[CP] Check Pods Manifest.lock";
			outputPaths = (
			);
			runOnlyForDeploymentPostprocessing = 0;
			shellPath = /bin/sh;
			shellScript = "diff \"${PODS_ROOT}/../Podfile.lock\" \"${PODS_ROOT}/Manifest.lock\" > /dev/null\nif [[ $? != 0 ]] ; then\n    cat << EOM\nerror: The sandbox is not in sync with the Podfile.lock. Run 'pod install' or update your CocoaPods installation.\nEOM\n    exit 1\nfi\n";
			showEnvVarsInLog = 0;
		};
		A37C7DEA1D7AD384009AA776 /* Fabric */ = {
			isa = PBXShellScriptBuildPhase;
			buildActionMask = 2147483647;
			files = (
			);
			inputPaths = (
			);
			name = Fabric;
			outputPaths = (
			);
			runOnlyForDeploymentPostprocessing = 0;
			shellPath = /bin/sh;
			shellScript = "\"${PODS_ROOT}/Fabric/run\" 9663b3ab801749959fb2adfe12c07c31ec491f69 91a304dfc6f811fd403aef1f332bc2f3f5c6b5c3baeff9ee0f019e7de6e81dba";
		};
/* End PBXShellScriptBuildPhase section */

/* Begin PBXSourcesBuildPhase section */
		EB8AB0B81BCCC8F6005863F1 /* Sources */ = {
			isa = PBXSourcesBuildPhase;
			buildActionMask = 2147483647;
			files = (
				EB660D1D1BCCECB0006C6C89 /* HazeApiController.swift in Sources */,
				EB5C7A531BD0E92E00CBBD09 /* CurrentLocationViewController.swift in Sources */,
				EB3483361BD4C9BF00745E92 /* IntroductionViewController.swift in Sources */,
				EB32A6881BCCE26F009E62E9 /* Settings.swift in Sources */,
				EB660D221BCCEE4B006C6C89 /* Initializers.swift in Sources */,
				EB8AB0C21BCCC8F6005863F1 /* PlacesViewController.swift in Sources */,
				EB660D1F1BCCED73006C6C89 /* BaseApi.swift in Sources */,
				EB19F3EF1BD6C8130013188F /* SettingsViewController.swift in Sources */,
				EB901A0F1BCF949000C6CDC4 /* StatisticTableViewCell.swift in Sources */,
				EB6898941BD2BA180065F38D /* CWStatusBarNotificationUtils.swift in Sources */,
				EB3483381BD4EA5C00745E92 /* ColorReferenceViewController.swift in Sources */,
				EB5C7A5A1BD0FDD700CBBD09 /* ColorReference.swift in Sources */,
				EB6898861BD239310065F38D /* TabBarViewController.swift in Sources */,
				EB6898931BD2BA180065F38D /* CWStatusBarNotification.swift in Sources */,
				EB34833A1BD4EF6300745E92 /* LegendTableViewCell.swift in Sources */,
				EB8AB0C01BCCC8F6005863F1 /* AppDelegate.swift in Sources */,
			);
			runOnlyForDeploymentPostprocessing = 0;
		};
/* End PBXSourcesBuildPhase section */

/* Begin PBXVariantGroup section */
		EB8AB0C31BCCC8F6005863F1 /* Main.storyboard */ = {
			isa = PBXVariantGroup;
			children = (
				EB8AB0C41BCCC8F6005863F1 /* Base */,
			);
			name = Main.storyboard;
			path = .;
			sourceTree = "<group>";
		};
		EB8AB0C81BCCC8F6005863F1 /* LaunchScreen.storyboard */ = {
			isa = PBXVariantGroup;
			children = (
				EB8AB0C91BCCC8F6005863F1 /* Base */,
			);
			name = LaunchScreen.storyboard;
			path = .;
			sourceTree = "<group>";
		};
/* End PBXVariantGroup section */

/* Begin XCBuildConfiguration section */
		EB8AB0E21BCCC8F6005863F1 /* Debug */ = {
			isa = XCBuildConfiguration;
			buildSettings = {
				ALWAYS_SEARCH_USER_PATHS = NO;
				CLANG_CXX_LANGUAGE_STANDARD = "gnu++0x";
				CLANG_CXX_LIBRARY = "libc++";
				CLANG_ENABLE_MODULES = YES;
				CLANG_ENABLE_OBJC_ARC = YES;
				CLANG_WARN_BOOL_CONVERSION = YES;
				CLANG_WARN_CONSTANT_CONVERSION = YES;
				CLANG_WARN_DIRECT_OBJC_ISA_USAGE = YES_ERROR;
				CLANG_WARN_EMPTY_BODY = YES;
				CLANG_WARN_ENUM_CONVERSION = YES;
				CLANG_WARN_INT_CONVERSION = YES;
				CLANG_WARN_OBJC_ROOT_CLASS = YES_ERROR;
				CLANG_WARN_UNREACHABLE_CODE = YES;
				CLANG_WARN__DUPLICATE_METHOD_MATCH = YES;
				CODE_SIGN_IDENTITY = "iPhone Developer";
				"CODE_SIGN_IDENTITY[sdk=iphoneos*]" = "iPhone Developer";
				COPY_PHASE_STRIP = NO;
				DEBUG_INFORMATION_FORMAT = dwarf;
				ENABLE_STRICT_OBJC_MSGSEND = YES;
				ENABLE_TESTABILITY = YES;
				GCC_C_LANGUAGE_STANDARD = gnu99;
				GCC_DYNAMIC_NO_PIC = NO;
				GCC_NO_COMMON_BLOCKS = YES;
				GCC_OPTIMIZATION_LEVEL = 0;
				GCC_PREPROCESSOR_DEFINITIONS = (
					"DEBUG=1",
					"$(inherited)",
				);
				GCC_WARN_64_TO_32_BIT_CONVERSION = YES;
				GCC_WARN_ABOUT_RETURN_TYPE = YES_ERROR;
				GCC_WARN_UNDECLARED_SELECTOR = YES;
				GCC_WARN_UNINITIALIZED_AUTOS = YES_AGGRESSIVE;
				GCC_WARN_UNUSED_FUNCTION = YES;
				GCC_WARN_UNUSED_VARIABLE = YES;
				IPHONEOS_DEPLOYMENT_TARGET = 8.4;
				MTL_ENABLE_DEBUG_INFO = YES;
				ONLY_ACTIVE_ARCH = YES;
				PROVISIONING_PROFILE = "";
				SDKROOT = iphoneos;
				SWIFT_OPTIMIZATION_LEVEL = "-Onone";
				TARGETED_DEVICE_FAMILY = "1,2";
			};
			name = Debug;
		};
		EB8AB0E31BCCC8F6005863F1 /* Release */ = {
			isa = XCBuildConfiguration;
			buildSettings = {
				ALWAYS_SEARCH_USER_PATHS = NO;
				CLANG_CXX_LANGUAGE_STANDARD = "gnu++0x";
				CLANG_CXX_LIBRARY = "libc++";
				CLANG_ENABLE_MODULES = YES;
				CLANG_ENABLE_OBJC_ARC = YES;
				CLANG_WARN_BOOL_CONVERSION = YES;
				CLANG_WARN_CONSTANT_CONVERSION = YES;
				CLANG_WARN_DIRECT_OBJC_ISA_USAGE = YES_ERROR;
				CLANG_WARN_EMPTY_BODY = YES;
				CLANG_WARN_ENUM_CONVERSION = YES;
				CLANG_WARN_INT_CONVERSION = YES;
				CLANG_WARN_OBJC_ROOT_CLASS = YES_ERROR;
				CLANG_WARN_UNREACHABLE_CODE = YES;
				CLANG_WARN__DUPLICATE_METHOD_MATCH = YES;
				CODE_SIGN_IDENTITY = "iPhone Distribution";
				"CODE_SIGN_IDENTITY[sdk=iphoneos*]" = "iPhone Distribution";
				COPY_PHASE_STRIP = NO;
				DEBUG_INFORMATION_FORMAT = "dwarf-with-dsym";
				ENABLE_NS_ASSERTIONS = NO;
				ENABLE_STRICT_OBJC_MSGSEND = YES;
				GCC_C_LANGUAGE_STANDARD = gnu99;
				GCC_NO_COMMON_BLOCKS = YES;
				GCC_WARN_64_TO_32_BIT_CONVERSION = YES;
				GCC_WARN_ABOUT_RETURN_TYPE = YES_ERROR;
				GCC_WARN_UNDECLARED_SELECTOR = YES;
				GCC_WARN_UNINITIALIZED_AUTOS = YES_AGGRESSIVE;
				GCC_WARN_UNUSED_FUNCTION = YES;
				GCC_WARN_UNUSED_VARIABLE = YES;
				IPHONEOS_DEPLOYMENT_TARGET = 8.4;
				MTL_ENABLE_DEBUG_INFO = NO;
				PROVISIONING_PROFILE = "";
				SDKROOT = iphoneos;
				TARGETED_DEVICE_FAMILY = "1,2";
				VALIDATE_PRODUCT = YES;
			};
			name = Release;
		};
		EB8AB0E51BCCC8F6005863F1 /* Debug */ = {
			isa = XCBuildConfiguration;
			baseConfigurationReference = 683DE6B291ACC6271C1869C9 /* Pods-HazeMalaysia.debug.xcconfig */;
			buildSettings = {
				APPLICATION_EXTENSION_API_ONLY = NO;
				ASSETCATALOG_COMPILER_APPICON_NAME = AppIcon;
				CLANG_ENABLE_MODULES = YES;
				CODE_SIGN_IDENTITY = "iPhone Developer";
				"CODE_SIGN_IDENTITY[sdk=iphoneos*]" = "iPhone Developer";
				DEBUG_INFORMATION_FORMAT = "dwarf-with-dsym";
				EMBEDDED_CONTENT_CONTAINS_SWIFT = YES;
				FRAMEWORK_SEARCH_PATHS = (
					"$(inherited)",
					"$(PROJECT_DIR)/Pods/**",
				);
				INFOPLIST_FILE = HazeMalaysia/Info.plist;
				LD_RUNPATH_SEARCH_PATHS = "$(inherited) @executable_path/Frameworks";
				PRODUCT_BUNDLE_IDENTIFIER = com.alienxp03.hazemalaysia;
				PRODUCT_NAME = HazeMalaysia;
				PROVISIONING_PROFILE = "";
				SKIP_INSTALL = NO;
				SWIFT_OBJC_BRIDGING_HEADER = "$(SRCROOT)/${PROJECT_NAME}/HazeIndex-Bridging-Header.h";
				SWIFT_OPTIMIZATION_LEVEL = "-Onone";
				TARGETED_DEVICE_FAMILY = 1;
			};
			name = Debug;
		};
		EB8AB0E61BCCC8F6005863F1 /* Release */ = {
			isa = XCBuildConfiguration;
			baseConfigurationReference = 4DBB96F6FBB5C0A78CB40FDA /* Pods-HazeMalaysia.release.xcconfig */;
			buildSettings = {
				APPLICATION_EXTENSION_API_ONLY = NO;
				ASSETCATALOG_COMPILER_APPICON_NAME = AppIcon;
				CLANG_ENABLE_MODULES = YES;
				CODE_SIGN_IDENTITY = "iPhone Distribution";
				"CODE_SIGN_IDENTITY[sdk=iphoneos*]" = "iPhone Distribution";
				EMBEDDED_CONTENT_CONTAINS_SWIFT = YES;
				FRAMEWORK_SEARCH_PATHS = (
					"$(inherited)",
					"$(PROJECT_DIR)/Pods/**",
				);
				INFOPLIST_FILE = HazeMalaysia/Info.plist;
				LD_RUNPATH_SEARCH_PATHS = "$(inherited) @executable_path/Frameworks";
				PRODUCT_BUNDLE_IDENTIFIER = com.alienxp03.hazemalaysia;
				PRODUCT_NAME = HazeMalaysia;
				PROVISIONING_PROFILE = "";
				SKIP_INSTALL = NO;
				SWIFT_OBJC_BRIDGING_HEADER = "$(SRCROOT)/${PROJECT_NAME}/HazeIndex-Bridging-Header.h";
				TARGETED_DEVICE_FAMILY = 1;
			};
			name = Release;
		};
/* End XCBuildConfiguration section */

/* Begin XCConfigurationList section */
		EB8AB0B71BCCC8F6005863F1 /* Build configuration list for PBXProject "HazeMalaysia" */ = {
			isa = XCConfigurationList;
			buildConfigurations = (
				EB8AB0E21BCCC8F6005863F1 /* Debug */,
				EB8AB0E31BCCC8F6005863F1 /* Release */,
			);
			defaultConfigurationIsVisible = 0;
			defaultConfigurationName = Release;
		};
		EB8AB0E41BCCC8F6005863F1 /* Build configuration list for PBXNativeTarget "HazeMalaysia" */ = {
			isa = XCConfigurationList;
			buildConfigurations = (
				EB8AB0E51BCCC8F6005863F1 /* Debug */,
				EB8AB0E61BCCC8F6005863F1 /* Release */,
			);
			defaultConfigurationIsVisible = 0;
			defaultConfigurationName = Release;
		};
/* End XCConfigurationList section */
	};
	rootObject = EB8AB0B41BCCC8F6005863F1 /* Project object */;
}
